// !$*UTF8*$!
{
	archiveVersion = 1;
	classes = {
	};
	objectVersion = 46;
	objects = {

/* Begin PBXBuildFile section */
		CE1F2A311E211C5E004A627C /* AppDelegate.swift in Sources */ = {isa = PBXBuildFile; fileRef = CE1F2A301E211C5E004A627C /* AppDelegate.swift */; };
		CE1F2A331E211C5E004A627C /* QuestionController.swift in Sources */ = {isa = PBXBuildFile; fileRef = CE1F2A321E211C5E004A627C /* QuestionController.swift */; };
		CE1F2A361E211C5E004A627C /* Question.storyboard in Resources */ = {isa = PBXBuildFile; fileRef = CE1F2A341E211C5E004A627C /* Question.storyboard */; };
		CE1F2A381E211C5E004A627C /* Assets.xcassets in Resources */ = {isa = PBXBuildFile; fileRef = CE1F2A371E211C5E004A627C /* Assets.xcassets */; };
		CE1F2A3B1E211C5E004A627C /* LaunchScreen.storyboard in Resources */ = {isa = PBXBuildFile; fileRef = CE1F2A391E211C5E004A627C /* LaunchScreen.storyboard */; };
		CE1F2A451E211F4B004A627C /* Hosohuwafont.ttf in Resources */ = {isa = PBXBuildFile; fileRef = CE1F2A441E211F4B004A627C /* Hosohuwafont.ttf */; };
		CE4A9CCA1E2E4C3400EE82CC /* Crashlytics.framework in Frameworks */ = {isa = PBXBuildFile; fileRef = CE4A9CC81E2E4C3400EE82CC /* Crashlytics.framework */; };
		CE4A9CCB1E2E4C3500EE82CC /* Fabric.framework in Frameworks */ = {isa = PBXBuildFile; fileRef = CE4A9CC91E2E4C3400EE82CC /* Fabric.framework */; };
		CE7EA5581E25223F0043357D /* JZSpringRefresh.framework in Frameworks */ = {isa = PBXBuildFile; fileRef = CE7EA5571E25223F0043357D /* JZSpringRefresh.framework */; };
		CE7EA5591E25223F0043357D /* JZSpringRefresh.framework in Embed Frameworks */ = {isa = PBXBuildFile; fileRef = CE7EA5571E25223F0043357D /* JZSpringRefresh.framework */; settings = {ATTRIBUTES = (CodeSignOnCopy, RemoveHeadersOnCopy, ); }; };
		CE7EA5641E2657FB0043357D /* KanaViewController.swift in Sources */ = {isa = PBXBuildFile; fileRef = CE7EA5631E2657FB0043357D /* KanaViewController.swift */; };
		CE7EA5671E26582C0043357D /* Kana.storyboard in Resources */ = {isa = PBXBuildFile; fileRef = CE7EA5691E26582C0043357D /* Kana.storyboard */; };
		CE7EA56C1E265C4B0043357D /* UIColor+Kana.swift in Sources */ = {isa = PBXBuildFile; fileRef = CE7EA56B1E265C4B0043357D /* UIColor+Kana.swift */; };
		CE7EA5711E26742F0043357D /* KanaCell.swift in Sources */ = {isa = PBXBuildFile; fileRef = CE7EA56F1E26742F0043357D /* KanaCell.swift */; };
		CE7EA5721E26742F0043357D /* KanaCell.xib in Resources */ = {isa = PBXBuildFile; fileRef = CE7EA5701E26742F0043357D /* KanaCell.xib */; };
		CE7EA5751E26761E0043357D /* KanaHeaderView.swift in Sources */ = {isa = PBXBuildFile; fileRef = CE7EA5731E26761E0043357D /* KanaHeaderView.swift */; };
		CE7EA5761E26761E0043357D /* KanaHeaderView.xib in Resources */ = {isa = PBXBuildFile; fileRef = CE7EA5741E26761E0043357D /* KanaHeaderView.xib */; };
		CE7EA5791E2798290043357D /* AnswerCell.swift in Sources */ = {isa = PBXBuildFile; fileRef = CE7EA5771E2798290043357D /* AnswerCell.swift */; };
		CE7EA57A1E2798290043357D /* AnswerCell.xib in Resources */ = {isa = PBXBuildFile; fileRef = CE7EA5781E2798290043357D /* AnswerCell.xib */; };
		CE7EA57D1E279F380043357D /* AppConfig.swift in Sources */ = {isa = PBXBuildFile; fileRef = CE7EA57C1E279F380043357D /* AppConfig.swift */; };
		CE7EA5801E27ADE00043357D /* KanaFlowLayout.swift in Sources */ = {isa = PBXBuildFile; fileRef = CE7EA57F1E27ADE00043357D /* KanaFlowLayout.swift */; };
		CE7EA5821E27AEC40043357D /* KanaLayoutAttributes.swift in Sources */ = {isa = PBXBuildFile; fileRef = CE7EA5811E27AEC40043357D /* KanaLayoutAttributes.swift */; };
		CE7EA5841E27B7090043357D /* KanaSectionColorReusableView.swift in Sources */ = {isa = PBXBuildFile; fileRef = CE7EA5831E27B7090043357D /* KanaSectionColorReusableView.swift */; };
		CE7EA5861E27C1190043357D /* SwiftHEXColors.framework in Frameworks */ = {isa = PBXBuildFile; fileRef = CE7EA5851E27C1190043357D /* SwiftHEXColors.framework */; };
		CE7EA5871E27C1190043357D /* SwiftHEXColors.framework in Embed Frameworks */ = {isa = PBXBuildFile; fileRef = CE7EA5851E27C1190043357D /* SwiftHEXColors.framework */; settings = {ATTRIBUTES = (CodeSignOnCopy, RemoveHeadersOnCopy, ); }; };
		CE9D4A221E36313300FD0ED8 /* MenuViewController.swift in Sources */ = {isa = PBXBuildFile; fileRef = CE9D4A211E36313300FD0ED8 /* MenuViewController.swift */; };
		CE9D4A241E36395A00FD0ED8 /* MonkeyKing.framework in Frameworks */ = {isa = PBXBuildFile; fileRef = CE9D4A231E36395A00FD0ED8 /* MonkeyKing.framework */; };
		CEE6BB2D1E38D5D90068E184 /* RealmSwift.framework in Frameworks */ = {isa = PBXBuildFile; fileRef = CEE6BB2B1E3792FB0068E184 /* RealmSwift.framework */; };
		CEE6BB2E1E38D5D90068E184 /* RealmSwift.framework in Embed Frameworks */ = {isa = PBXBuildFile; fileRef = CEE6BB2B1E3792FB0068E184 /* RealmSwift.framework */; settings = {ATTRIBUTES = (CodeSignOnCopy, RemoveHeadersOnCopy, ); }; };
		CEE6BB301E38D66E0068E184 /* Realm.framework in Frameworks */ = {isa = PBXBuildFile; fileRef = CEE6BB2F1E38D66E0068E184 /* Realm.framework */; };
		CEE6BB311E38D66E0068E184 /* Realm.framework in Embed Frameworks */ = {isa = PBXBuildFile; fileRef = CEE6BB2F1E38D66E0068E184 /* Realm.framework */; settings = {ATTRIBUTES = (CodeSignOnCopy, RemoveHeadersOnCopy, ); }; };
		CEE6BB341E38D9F50068E184 /* Stat.swift in Sources */ = {isa = PBXBuildFile; fileRef = CEE6BB331E38D9F50068E184 /* Stat.swift */; };
		CEE6BB381E39E3AF0068E184 /* Double+Kana.swift in Sources */ = {isa = PBXBuildFile; fileRef = CEE6BB371E39E3AF0068E184 /* Double+Kana.swift */; };
		CEE6BB501E3A08590068E184 /* FirebaseAnalytics.framework in Frameworks */ = {isa = PBXBuildFile; fileRef = CEE6BB481E3A08580068E184 /* FirebaseAnalytics.framework */; };
		CEE6BB511E3A08590068E184 /* FirebaseCore.framework in Frameworks */ = {isa = PBXBuildFile; fileRef = CEE6BB491E3A08580068E184 /* FirebaseCore.framework */; };
		CEE6BB521E3A08590068E184 /* FirebaseInstanceID.framework in Frameworks */ = {isa = PBXBuildFile; fileRef = CEE6BB4A1E3A08580068E184 /* FirebaseInstanceID.framework */; };
		CEE6BB531E3A08590068E184 /* GoogleInterchangeUtilities.framework in Frameworks */ = {isa = PBXBuildFile; fileRef = CEE6BB4B1E3A08590068E184 /* GoogleInterchangeUtilities.framework */; };
		CEE6BB541E3A08590068E184 /* GoogleMobileAds.framework in Frameworks */ = {isa = PBXBuildFile; fileRef = CEE6BB4C1E3A08590068E184 /* GoogleMobileAds.framework */; };
		CEE6BB551E3A08590068E184 /* GoogleSymbolUtilities.framework in Frameworks */ = {isa = PBXBuildFile; fileRef = CEE6BB4D1E3A08590068E184 /* GoogleSymbolUtilities.framework */; };
		CEE6BB561E3A08590068E184 /* GoogleToolboxForMac.framework in Frameworks */ = {isa = PBXBuildFile; fileRef = CEE6BB4E1E3A08590068E184 /* GoogleToolboxForMac.framework */; };
		CEE6BB5A1E3A094B0068E184 /* AVFoundation.framework in Frameworks */ = {isa = PBXBuildFile; fileRef = CEE6BB591E3A094B0068E184 /* AVFoundation.framework */; };
		CEE6BB5C1E3A096C0068E184 /* CoreMotion.framework in Frameworks */ = {isa = PBXBuildFile; fileRef = CEE6BB5B1E3A096C0068E184 /* CoreMotion.framework */; };
		CEE6BB5E1E3A09870068E184 /* MessageUI.framework in Frameworks */ = {isa = PBXBuildFile; fileRef = CEE6BB5D1E3A09870068E184 /* MessageUI.framework */; };
		CEE6BB601E3A09980068E184 /* libsqlite3.tbd in Frameworks */ = {isa = PBXBuildFile; fileRef = CEE6BB5F1E3A09980068E184 /* libsqlite3.tbd */; };
		CEE6BB621E3A09A30068E184 /* CoreTelephony.framework in Frameworks */ = {isa = PBXBuildFile; fileRef = CEE6BB611E3A09A30068E184 /* CoreTelephony.framework */; };
		CEE6BB6C1E3A0A0E0068E184 /* AudioToolbox.framework in Frameworks */ = {isa = PBXBuildFile; fileRef = CEE6BB6B1E3A0A0E0068E184 /* AudioToolbox.framework */; };
		CEE6BB6E1E3A0A290068E184 /* GLKit.framework in Frameworks */ = {isa = PBXBuildFile; fileRef = CEE6BB6D1E3A0A290068E184 /* GLKit.framework */; };
		CEE6BB6F1E3A0A4B0068E184 /* CoreMedia.framework in Frameworks */ = {isa = PBXBuildFile; fileRef = CEE6BB651E3A09C00068E184 /* CoreMedia.framework */; };
		CEE6BB711E3A0A680068E184 /* MediaPlayer.framework in Frameworks */ = {isa = PBXBuildFile; fileRef = CEE6BB701E3A0A680068E184 /* MediaPlayer.framework */; };
		CEE6BB731E3A0A8B0068E184 /* MobileCoreServices.framework in Frameworks */ = {isa = PBXBuildFile; fileRef = CEE6BB721E3A0A8B0068E184 /* MobileCoreServices.framework */; };
		CEE6BB751E3A0D3C0068E184 /* GoogleService-Info.plist in Resources */ = {isa = PBXBuildFile; fileRef = CEE6BB741E3A0D3C0068E184 /* GoogleService-Info.plist */; };
		CEE6BBA81E3A1D1A0068E184 /* InfoPlist.strings in Resources */ = {isa = PBXBuildFile; fileRef = CEE6BBAA1E3A1D1A0068E184 /* InfoPlist.strings */; };
		CEE6BBB51E3A1FED0068E184 /* Localizable.strings in Resources */ = {isa = PBXBuildFile; fileRef = CEE6BBB71E3A1FED0068E184 /* Localizable.strings */; };
		CEE6BBC11E3A21230068E184 /* String+Kana.swift in Sources */ = {isa = PBXBuildFile; fileRef = CEE6BBC01E3A21230068E184 /* String+Kana.swift */; };
/* End PBXBuildFile section */

/* Begin PBXCopyFilesBuildPhase section */
		CE7EA5561E25211E0043357D /* Embed Frameworks */ = {
			isa = PBXCopyFilesBuildPhase;
			buildActionMask = 2147483647;
			dstPath = "";
			dstSubfolderSpec = 10;
			files = (
				CEE6BB311E38D66E0068E184 /* Realm.framework in Embed Frameworks */,
				CE7EA5871E27C1190043357D /* SwiftHEXColors.framework in Embed Frameworks */,
				CE7EA5591E25223F0043357D /* JZSpringRefresh.framework in Embed Frameworks */,
				CEE6BB2E1E38D5D90068E184 /* RealmSwift.framework in Embed Frameworks */,
			);
			name = "Embed Frameworks";
			runOnlyForDeploymentPostprocessing = 0;
		};
/* End PBXCopyFilesBuildPhase section */

/* Begin PBXFileReference section */
		CE1F2A2D1E211C5E004A627C /* kana.app */ = {isa = PBXFileReference; explicitFileType = wrapper.application; includeInIndex = 0; path = kana.app; sourceTree = BUILT_PRODUCTS_DIR; };
		CE1F2A301E211C5E004A627C /* AppDelegate.swift */ = {isa = PBXFileReference; lastKnownFileType = sourcecode.swift; path = AppDelegate.swift; sourceTree = "<group>"; };
		CE1F2A321E211C5E004A627C /* QuestionController.swift */ = {isa = PBXFileReference; lastKnownFileType = sourcecode.swift; path = QuestionController.swift; sourceTree = "<group>"; };
		CE1F2A351E211C5E004A627C /* Base */ = {isa = PBXFileReference; lastKnownFileType = file.storyboard; name = Base; path = Base.lproj/Question.storyboard; sourceTree = "<group>"; };
		CE1F2A371E211C5E004A627C /* Assets.xcassets */ = {isa = PBXFileReference; lastKnownFileType = folder.assetcatalog; path = Assets.xcassets; sourceTree = "<group>"; };
		CE1F2A3A1E211C5E004A627C /* Base */ = {isa = PBXFileReference; lastKnownFileType = file.storyboard; name = Base; path = Base.lproj/LaunchScreen.storyboard; sourceTree = "<group>"; };
		CE1F2A441E211F4B004A627C /* Hosohuwafont.ttf */ = {isa = PBXFileReference; lastKnownFileType = file; path = Hosohuwafont.ttf; sourceTree = "<group>"; };
		CE4A9CC81E2E4C3400EE82CC /* Crashlytics.framework */ = {isa = PBXFileReference; lastKnownFileType = wrapper.framework; path = Crashlytics.framework; sourceTree = "<group>"; };
		CE4A9CC91E2E4C3400EE82CC /* Fabric.framework */ = {isa = PBXFileReference; lastKnownFileType = wrapper.framework; path = Fabric.framework; sourceTree = "<group>"; };
		CE7EA5571E25223F0043357D /* JZSpringRefresh.framework */ = {isa = PBXFileReference; lastKnownFileType = wrapper.framework; name = JZSpringRefresh.framework; path = ../../Carthage/Build/iOS/JZSpringRefresh.framework; sourceTree = "<group>"; };
		CE7EA5631E2657FB0043357D /* KanaViewController.swift */ = {isa = PBXFileReference; fileEncoding = 4; lastKnownFileType = sourcecode.swift; path = KanaViewController.swift; sourceTree = "<group>"; };
		CE7EA5681E26582C0043357D /* Base */ = {isa = PBXFileReference; lastKnownFileType = file.storyboard; name = Base; path = Base.lproj/Kana.storyboard; sourceTree = "<group>"; };
		CE7EA56B1E265C4B0043357D /* UIColor+Kana.swift */ = {isa = PBXFileReference; fileEncoding = 4; lastKnownFileType = sourcecode.swift; path = "UIColor+Kana.swift"; sourceTree = "<group>"; };
		CE7EA56F1E26742F0043357D /* KanaCell.swift */ = {isa = PBXFileReference; fileEncoding = 4; lastKnownFileType = sourcecode.swift; path = KanaCell.swift; sourceTree = "<group>"; };
		CE7EA5701E26742F0043357D /* KanaCell.xib */ = {isa = PBXFileReference; fileEncoding = 4; lastKnownFileType = file.xib; path = KanaCell.xib; sourceTree = "<group>"; };
		CE7EA5731E26761E0043357D /* KanaHeaderView.swift */ = {isa = PBXFileReference; fileEncoding = 4; lastKnownFileType = sourcecode.swift; path = KanaHeaderView.swift; sourceTree = "<group>"; };
		CE7EA5741E26761E0043357D /* KanaHeaderView.xib */ = {isa = PBXFileReference; fileEncoding = 4; lastKnownFileType = file.xib; path = KanaHeaderView.xib; sourceTree = "<group>"; };
		CE7EA5771E2798290043357D /* AnswerCell.swift */ = {isa = PBXFileReference; fileEncoding = 4; lastKnownFileType = sourcecode.swift; path = AnswerCell.swift; sourceTree = "<group>"; };
		CE7EA5781E2798290043357D /* AnswerCell.xib */ = {isa = PBXFileReference; fileEncoding = 4; lastKnownFileType = file.xib; path = AnswerCell.xib; sourceTree = "<group>"; };
		CE7EA57C1E279F380043357D /* AppConfig.swift */ = {isa = PBXFileReference; fileEncoding = 4; lastKnownFileType = sourcecode.swift; path = AppConfig.swift; sourceTree = "<group>"; };
		CE7EA57F1E27ADE00043357D /* KanaFlowLayout.swift */ = {isa = PBXFileReference; fileEncoding = 4; lastKnownFileType = sourcecode.swift; path = KanaFlowLayout.swift; sourceTree = "<group>"; };
		CE7EA5811E27AEC40043357D /* KanaLayoutAttributes.swift */ = {isa = PBXFileReference; fileEncoding = 4; lastKnownFileType = sourcecode.swift; path = KanaLayoutAttributes.swift; sourceTree = "<group>"; };
		CE7EA5831E27B7090043357D /* KanaSectionColorReusableView.swift */ = {isa = PBXFileReference; fileEncoding = 4; lastKnownFileType = sourcecode.swift; path = KanaSectionColorReusableView.swift; sourceTree = "<group>"; };
		CE7EA5851E27C1190043357D /* SwiftHEXColors.framework */ = {isa = PBXFileReference; lastKnownFileType = wrapper.framework; name = SwiftHEXColors.framework; path = ../../Carthage/Build/iOS/SwiftHEXColors.framework; sourceTree = "<group>"; };
		CE9D4A211E36313300FD0ED8 /* MenuViewController.swift */ = {isa = PBXFileReference; fileEncoding = 4; lastKnownFileType = sourcecode.swift; name = MenuViewController.swift; path = views/layouts/MenuViewController.swift; sourceTree = "<group>"; };
		CE9D4A231E36395A00FD0ED8 /* MonkeyKing.framework */ = {isa = PBXFileReference; lastKnownFileType = wrapper.framework; name = MonkeyKing.framework; path = Carthage/Build/iOS/MonkeyKing.framework; sourceTree = SOURCE_ROOT; };
		CEE6BB2B1E3792FB0068E184 /* RealmSwift.framework */ = {isa = PBXFileReference; lastKnownFileType = wrapper.framework; name = RealmSwift.framework; path = Carthage/Build/iOS/RealmSwift.framework; sourceTree = SOURCE_ROOT; };
		CEE6BB2F1E38D66E0068E184 /* Realm.framework */ = {isa = PBXFileReference; lastKnownFileType = wrapper.framework; name = Realm.framework; path = ../../Carthage/Build/iOS/Realm.framework; sourceTree = "<group>"; };
		CEE6BB331E38D9F50068E184 /* Stat.swift */ = {isa = PBXFileReference; fileEncoding = 4; lastKnownFileType = sourcecode.swift; path = Stat.swift; sourceTree = "<group>"; };
		CEE6BB371E39E3AF0068E184 /* Double+Kana.swift */ = {isa = PBXFileReference; fileEncoding = 4; lastKnownFileType = sourcecode.swift; path = "Double+Kana.swift"; sourceTree = "<group>"; };
		CEE6BB481E3A08580068E184 /* FirebaseAnalytics.framework */ = {isa = PBXFileReference; lastKnownFileType = wrapper.framework; path = FirebaseAnalytics.framework; sourceTree = "<group>"; };
		CEE6BB491E3A08580068E184 /* FirebaseCore.framework */ = {isa = PBXFileReference; lastKnownFileType = wrapper.framework; path = FirebaseCore.framework; sourceTree = "<group>"; };
		CEE6BB4A1E3A08580068E184 /* FirebaseInstanceID.framework */ = {isa = PBXFileReference; lastKnownFileType = wrapper.framework; path = FirebaseInstanceID.framework; sourceTree = "<group>"; };
		CEE6BB4B1E3A08590068E184 /* GoogleInterchangeUtilities.framework */ = {isa = PBXFileReference; lastKnownFileType = wrapper.framework; path = GoogleInterchangeUtilities.framework; sourceTree = "<group>"; };
		CEE6BB4C1E3A08590068E184 /* GoogleMobileAds.framework */ = {isa = PBXFileReference; lastKnownFileType = wrapper.framework; path = GoogleMobileAds.framework; sourceTree = "<group>"; };
		CEE6BB4D1E3A08590068E184 /* GoogleSymbolUtilities.framework */ = {isa = PBXFileReference; lastKnownFileType = wrapper.framework; path = GoogleSymbolUtilities.framework; sourceTree = "<group>"; };
		CEE6BB4E1E3A08590068E184 /* GoogleToolboxForMac.framework */ = {isa = PBXFileReference; lastKnownFileType = wrapper.framework; path = GoogleToolboxForMac.framework; sourceTree = "<group>"; };
		CEE6BB4F1E3A08590068E184 /* module.modulemap */ = {isa = PBXFileReference; fileEncoding = 4; lastKnownFileType = "sourcecode.module-map"; path = module.modulemap; sourceTree = "<group>"; };
		CEE6BB571E3A08AB0068E184 /* Firebase.h */ = {isa = PBXFileReference; fileEncoding = 4; lastKnownFileType = sourcecode.c.h; path = Firebase.h; sourceTree = "<group>"; };
		CEE6BB591E3A094B0068E184 /* AVFoundation.framework */ = {isa = PBXFileReference; lastKnownFileType = wrapper.framework; name = AVFoundation.framework; path = System/Library/Frameworks/AVFoundation.framework; sourceTree = SDKROOT; };
		CEE6BB5B1E3A096C0068E184 /* CoreMotion.framework */ = {isa = PBXFileReference; lastKnownFileType = wrapper.framework; name = CoreMotion.framework; path = System/Library/Frameworks/CoreMotion.framework; sourceTree = SDKROOT; };
		CEE6BB5D1E3A09870068E184 /* MessageUI.framework */ = {isa = PBXFileReference; lastKnownFileType = wrapper.framework; name = MessageUI.framework; path = System/Library/Frameworks/MessageUI.framework; sourceTree = SDKROOT; };
		CEE6BB5F1E3A09980068E184 /* libsqlite3.tbd */ = {isa = PBXFileReference; lastKnownFileType = "sourcecode.text-based-dylib-definition"; name = libsqlite3.tbd; path = usr/lib/libsqlite3.tbd; sourceTree = SDKROOT; };
		CEE6BB611E3A09A30068E184 /* CoreTelephony.framework */ = {isa = PBXFileReference; lastKnownFileType = wrapper.framework; name = CoreTelephony.framework; path = System/Library/Frameworks/CoreTelephony.framework; sourceTree = SDKROOT; };
		CEE6BB631E3A09B00068E184 /* CoreAudio.framework */ = {isa = PBXFileReference; lastKnownFileType = wrapper.framework; name = CoreAudio.framework; path = System/Library/Frameworks/CoreAudio.framework; sourceTree = SDKROOT; };
		CEE6BB651E3A09C00068E184 /* CoreMedia.framework */ = {isa = PBXFileReference; lastKnownFileType = wrapper.framework; name = CoreMedia.framework; path = System/Library/Frameworks/CoreMedia.framework; sourceTree = SDKROOT; };
		CEE6BB671E3A09CC0068E184 /* QuartzCore.framework */ = {isa = PBXFileReference; lastKnownFileType = wrapper.framework; name = QuartzCore.framework; path = System/Library/Frameworks/QuartzCore.framework; sourceTree = SDKROOT; };
		CEE6BB691E3A09DB0068E184 /* CoreGraphics.framework */ = {isa = PBXFileReference; lastKnownFileType = wrapper.framework; name = CoreGraphics.framework; path = System/Library/Frameworks/CoreGraphics.framework; sourceTree = SDKROOT; };
		CEE6BB6B1E3A0A0E0068E184 /* AudioToolbox.framework */ = {isa = PBXFileReference; lastKnownFileType = wrapper.framework; name = AudioToolbox.framework; path = System/Library/Frameworks/AudioToolbox.framework; sourceTree = SDKROOT; };
		CEE6BB6D1E3A0A290068E184 /* GLKit.framework */ = {isa = PBXFileReference; lastKnownFileType = wrapper.framework; name = GLKit.framework; path = System/Library/Frameworks/GLKit.framework; sourceTree = SDKROOT; };
		CEE6BB701E3A0A680068E184 /* MediaPlayer.framework */ = {isa = PBXFileReference; lastKnownFileType = wrapper.framework; name = MediaPlayer.framework; path = System/Library/Frameworks/MediaPlayer.framework; sourceTree = SDKROOT; };
		CEE6BB721E3A0A8B0068E184 /* MobileCoreServices.framework */ = {isa = PBXFileReference; lastKnownFileType = wrapper.framework; name = MobileCoreServices.framework; path = System/Library/Frameworks/MobileCoreServices.framework; sourceTree = SDKROOT; };
		CEE6BB741E3A0D3C0068E184 /* GoogleService-Info.plist */ = {isa = PBXFileReference; fileEncoding = 4; lastKnownFileType = text.plist.xml; path = "GoogleService-Info.plist"; sourceTree = "<group>"; };
		CEE6BB761E3A17670068E184 /* zh-Hans */ = {isa = PBXFileReference; lastKnownFileType = text.plist.strings; name = "zh-Hans"; path = "zh-Hans.lproj/Question.strings"; sourceTree = "<group>"; };
		CEE6BB771E3A17670068E184 /* zh-Hans */ = {isa = PBXFileReference; lastKnownFileType = text.plist.strings; name = "zh-Hans"; path = "zh-Hans.lproj/Kana.strings"; sourceTree = "<group>"; };
		CEE6BB781E3A17680068E184 /* zh-Hans */ = {isa = PBXFileReference; lastKnownFileType = text.plist.strings; name = "zh-Hans"; path = "zh-Hans.lproj/LaunchScreen.strings"; sourceTree = "<group>"; };
		CEE6BB791E3A17710068E184 /* ja */ = {isa = PBXFileReference; lastKnownFileType = text.plist.strings; name = ja; path = ja.lproj/Question.strings; sourceTree = "<group>"; };
		CEE6BB7A1E3A17720068E184 /* ja */ = {isa = PBXFileReference; lastKnownFileType = text.plist.strings; name = ja; path = ja.lproj/Kana.strings; sourceTree = "<group>"; };
		CEE6BB7B1E3A17720068E184 /* ja */ = {isa = PBXFileReference; lastKnownFileType = text.plist.strings; name = ja; path = ja.lproj/LaunchScreen.strings; sourceTree = "<group>"; };
		CEE6BB7C1E3A177D0068E184 /* de */ = {isa = PBXFileReference; lastKnownFileType = text.plist.strings; name = de; path = de.lproj/Question.strings; sourceTree = "<group>"; };
		CEE6BB7D1E3A177D0068E184 /* de */ = {isa = PBXFileReference; lastKnownFileType = text.plist.strings; name = de; path = de.lproj/Kana.strings; sourceTree = "<group>"; };
		CEE6BB7E1E3A177D0068E184 /* de */ = {isa = PBXFileReference; lastKnownFileType = text.plist.strings; name = de; path = de.lproj/LaunchScreen.strings; sourceTree = "<group>"; };
		CEE6BB7F1E3A17820068E184 /* fr */ = {isa = PBXFileReference; lastKnownFileType = text.plist.strings; name = fr; path = fr.lproj/Question.strings; sourceTree = "<group>"; };
		CEE6BB801E3A17820068E184 /* fr */ = {isa = PBXFileReference; lastKnownFileType = text.plist.strings; name = fr; path = fr.lproj/Kana.strings; sourceTree = "<group>"; };
		CEE6BB811E3A17820068E184 /* fr */ = {isa = PBXFileReference; lastKnownFileType = text.plist.strings; name = fr; path = fr.lproj/LaunchScreen.strings; sourceTree = "<group>"; };
		CEE6BB821E3A178F0068E184 /* es */ = {isa = PBXFileReference; lastKnownFileType = text.plist.strings; name = es; path = es.lproj/Question.strings; sourceTree = "<group>"; };
		CEE6BB831E3A178F0068E184 /* es */ = {isa = PBXFileReference; lastKnownFileType = text.plist.strings; name = es; path = es.lproj/Kana.strings; sourceTree = "<group>"; };
		CEE6BB841E3A178F0068E184 /* es */ = {isa = PBXFileReference; lastKnownFileType = text.plist.strings; name = es; path = es.lproj/LaunchScreen.strings; sourceTree = "<group>"; };
		CEE6BB851E3A18050068E184 /* zh-Hant */ = {isa = PBXFileReference; lastKnownFileType = text.plist.strings; name = "zh-Hant"; path = "zh-Hant.lproj/Question.strings"; sourceTree = "<group>"; };
		CEE6BB861E3A18050068E184 /* zh-Hant */ = {isa = PBXFileReference; lastKnownFileType = text.plist.strings; name = "zh-Hant"; path = "zh-Hant.lproj/Kana.strings"; sourceTree = "<group>"; };
		CEE6BB871E3A18060068E184 /* zh-Hant */ = {isa = PBXFileReference; lastKnownFileType = text.plist.strings; name = "zh-Hant"; path = "zh-Hant.lproj/LaunchScreen.strings"; sourceTree = "<group>"; };
		CEE6BB911E3A182A0068E184 /* ko */ = {isa = PBXFileReference; lastKnownFileType = text.plist.strings; name = ko; path = ko.lproj/Question.strings; sourceTree = "<group>"; };
		CEE6BB921E3A182A0068E184 /* ko */ = {isa = PBXFileReference; lastKnownFileType = text.plist.strings; name = ko; path = ko.lproj/Kana.strings; sourceTree = "<group>"; };
		CEE6BB931E3A182A0068E184 /* ko */ = {isa = PBXFileReference; lastKnownFileType = text.plist.strings; name = ko; path = ko.lproj/LaunchScreen.strings; sourceTree = "<group>"; };
		CEE6BB971E3A1A5E0068E184 /* Info.plist */ = {isa = PBXFileReference; fileEncoding = 4; lastKnownFileType = text.plist.xml; path = Info.plist; sourceTree = "<group>"; };
		CEE6BBA91E3A1D1A0068E184 /* Base */ = {isa = PBXFileReference; lastKnownFileType = text.plist.strings; name = Base; path = Base.lproj/InfoPlist.strings; sourceTree = "<group>"; };
		CEE6BBAB1E3A1D1C0068E184 /* zh-Hans */ = {isa = PBXFileReference; lastKnownFileType = text.plist.strings; name = "zh-Hans"; path = "zh-Hans.lproj/InfoPlist.strings"; sourceTree = "<group>"; };
		CEE6BBAC1E3A1D1E0068E184 /* ja */ = {isa = PBXFileReference; lastKnownFileType = text.plist.strings; name = ja; path = ja.lproj/InfoPlist.strings; sourceTree = "<group>"; };
		CEE6BBAD1E3A1D1F0068E184 /* de */ = {isa = PBXFileReference; lastKnownFileType = text.plist.strings; name = de; path = de.lproj/InfoPlist.strings; sourceTree = "<group>"; };
		CEE6BBAE1E3A1D200068E184 /* fr */ = {isa = PBXFileReference; lastKnownFileType = text.plist.strings; name = fr; path = fr.lproj/InfoPlist.strings; sourceTree = "<group>"; };
		CEE6BBAF1E3A1D210068E184 /* es */ = {isa = PBXFileReference; lastKnownFileType = text.plist.strings; name = es; path = es.lproj/InfoPlist.strings; sourceTree = "<group>"; };
		CEE6BBB01E3A1D210068E184 /* zh-Hant */ = {isa = PBXFileReference; lastKnownFileType = text.plist.strings; name = "zh-Hant"; path = "zh-Hant.lproj/InfoPlist.strings"; sourceTree = "<group>"; };
		CEE6BBB11E3A1D220068E184 /* ko */ = {isa = PBXFileReference; lastKnownFileType = text.plist.strings; name = ko; path = ko.lproj/InfoPlist.strings; sourceTree = "<group>"; };
		CEE6BBB21E3A1EC60068E184 /* en */ = {isa = PBXFileReference; lastKnownFileType = text.plist.strings; name = en; path = en.lproj/InfoPlist.strings; sourceTree = "<group>"; };
		CEE6BBB61E3A1FED0068E184 /* Base */ = {isa = PBXFileReference; lastKnownFileType = text.plist.strings; name = Base; path = Base.lproj/Localizable.strings; sourceTree = "<group>"; };
		CEE6BBB91E3A20880068E184 /* zh-Hans */ = {isa = PBXFileReference; lastKnownFileType = text.plist.strings; name = "zh-Hans"; path = "zh-Hans.lproj/Localizable.strings"; sourceTree = "<group>"; };
		CEE6BBBA1E3A20890068E184 /* ja */ = {isa = PBXFileReference; lastKnownFileType = text.plist.strings; name = ja; path = ja.lproj/Localizable.strings; sourceTree = "<group>"; };
		CEE6BBBB1E3A208A0068E184 /* de */ = {isa = PBXFileReference; lastKnownFileType = text.plist.strings; name = de; path = de.lproj/Localizable.strings; sourceTree = "<group>"; };
		CEE6BBBC1E3A208B0068E184 /* fr */ = {isa = PBXFileReference; lastKnownFileType = text.plist.strings; name = fr; path = fr.lproj/Localizable.strings; sourceTree = "<group>"; };
		CEE6BBBD1E3A208C0068E184 /* es */ = {isa = PBXFileReference; lastKnownFileType = text.plist.strings; name = es; path = es.lproj/Localizable.strings; sourceTree = "<group>"; };
		CEE6BBBE1E3A208D0068E184 /* zh-Hant */ = {isa = PBXFileReference; lastKnownFileType = text.plist.strings; name = "zh-Hant"; path = "zh-Hant.lproj/Localizable.strings"; sourceTree = "<group>"; };
		CEE6BBBF1E3A208D0068E184 /* ko */ = {isa = PBXFileReference; lastKnownFileType = text.plist.strings; name = ko; path = ko.lproj/Localizable.strings; sourceTree = "<group>"; };
		CEE6BBC01E3A21230068E184 /* String+Kana.swift */ = {isa = PBXFileReference; fileEncoding = 4; lastKnownFileType = sourcecode.swift; path = "String+Kana.swift"; sourceTree = "<group>"; };
		CEE6BBC21E3A26FF0068E184 /* kana.entitlements */ = {isa = PBXFileReference; lastKnownFileType = text.plist.entitlements; path = kana.entitlements; sourceTree = "<group>"; };
/* End PBXFileReference section */

/* Begin PBXFrameworksBuildPhase section */
		CE1F2A2A1E211C5E004A627C /* Frameworks */ = {
			isa = PBXFrameworksBuildPhase;
			buildActionMask = 2147483647;
			files = (
				CEE6BB731E3A0A8B0068E184 /* MobileCoreServices.framework in Frameworks */,
				CEE6BB711E3A0A680068E184 /* MediaPlayer.framework in Frameworks */,
				CEE6BB6F1E3A0A4B0068E184 /* CoreMedia.framework in Frameworks */,
				CEE6BB6E1E3A0A290068E184 /* GLKit.framework in Frameworks */,
				CEE6BB6C1E3A0A0E0068E184 /* AudioToolbox.framework in Frameworks */,
				CEE6BB621E3A09A30068E184 /* CoreTelephony.framework in Frameworks */,
				CEE6BB601E3A09980068E184 /* libsqlite3.tbd in Frameworks */,
				CEE6BB5E1E3A09870068E184 /* MessageUI.framework in Frameworks */,
				CEE6BB5C1E3A096C0068E184 /* CoreMotion.framework in Frameworks */,
				CEE6BB5A1E3A094B0068E184 /* AVFoundation.framework in Frameworks */,
				CEE6BB501E3A08590068E184 /* FirebaseAnalytics.framework in Frameworks */,
				CE7EA5861E27C1190043357D /* SwiftHEXColors.framework in Frameworks */,
				CEE6BB511E3A08590068E184 /* FirebaseCore.framework in Frameworks */,
				CE9D4A241E36395A00FD0ED8 /* MonkeyKing.framework in Frameworks */,
				CEE6BB551E3A08590068E184 /* GoogleSymbolUtilities.framework in Frameworks */,
				CEE6BB2D1E38D5D90068E184 /* RealmSwift.framework in Frameworks */,
				CE4A9CCA1E2E4C3400EE82CC /* Crashlytics.framework in Frameworks */,
				CEE6BB561E3A08590068E184 /* GoogleToolboxForMac.framework in Frameworks */,
				CEE6BB541E3A08590068E184 /* GoogleMobileAds.framework in Frameworks */,
				CEE6BB301E38D66E0068E184 /* Realm.framework in Frameworks */,
				CEE6BB531E3A08590068E184 /* GoogleInterchangeUtilities.framework in Frameworks */,
				CEE6BB521E3A08590068E184 /* FirebaseInstanceID.framework in Frameworks */,
				CE7EA5581E25223F0043357D /* JZSpringRefresh.framework in Frameworks */,
				CE4A9CCB1E2E4C3500EE82CC /* Fabric.framework in Frameworks */,
			);
			runOnlyForDeploymentPostprocessing = 0;
		};
/* End PBXFrameworksBuildPhase section */

/* Begin PBXGroup section */
		CE1F2A241E211C5E004A627C = {
			isa = PBXGroup;
			children = (
				CE1F2A2F1E211C5E004A627C /* kana */,
				CE1F2A2E1E211C5E004A627C /* Products */,
				CEE6BB581E3A094A0068E184 /* Frameworks */,
			);
			sourceTree = "<group>";
		};
		CE1F2A2E1E211C5E004A627C /* Products */ = {
			isa = PBXGroup;
			children = (
				CE1F2A2D1E211C5E004A627C /* kana.app */,
			);
			name = Products;
			sourceTree = "<group>";
		};
		CE1F2A2F1E211C5E004A627C /* kana */ = {
			isa = PBXGroup;
			children = (
				CEE6BBC21E3A26FF0068E184 /* kana.entitlements */,
				CE4A9CC71E2E4C3400EE82CC /* venders */,
				CE7EA57B1E279F130043357D /* configs */,
				CE7EA56A1E265C210043357D /* extensions */,
				CEE6BB321E38D7900068E184 /* models */,
				CE1F2A421E211F4B004A627C /* resources */,
				CE7EA56D1E2674010043357D /* views */,
				CE1F2A301E211C5E004A627C /* AppDelegate.swift */,
				CE1F2A321E211C5E004A627C /* QuestionController.swift */,
				CE9D4A211E36313300FD0ED8 /* MenuViewController.swift */,
				CE1F2A341E211C5E004A627C /* Question.storyboard */,
				CE7EA5631E2657FB0043357D /* KanaViewController.swift */,
				CE7EA5691E26582C0043357D /* Kana.storyboard */,
				CE1F2A371E211C5E004A627C /* Assets.xcassets */,
				CE1F2A391E211C5E004A627C /* LaunchScreen.storyboard */,
				CEE6BB741E3A0D3C0068E184 /* GoogleService-Info.plist */,
				CEE6BBAA1E3A1D1A0068E184 /* InfoPlist.strings */,
				CEE6BB971E3A1A5E0068E184 /* Info.plist */,
				CEE6BBB71E3A1FED0068E184 /* Localizable.strings */,
			);
			path = kana;
			sourceTree = "<group>";
		};
		CE1F2A421E211F4B004A627C /* resources */ = {
			isa = PBXGroup;
			children = (
				CE1F2A431E211F4B004A627C /* fonts */,
			);
			path = resources;
			sourceTree = "<group>";
		};
		CE1F2A431E211F4B004A627C /* fonts */ = {
			isa = PBXGroup;
			children = (
				CE1F2A441E211F4B004A627C /* Hosohuwafont.ttf */,
			);
			path = fonts;
			sourceTree = "<group>";
		};
		CE4A9CC71E2E4C3400EE82CC /* venders */ = {
			isa = PBXGroup;
			children = (
				CEE6BB471E3A08580068E184 /* Firebase */,
				CEE6BB2F1E38D66E0068E184 /* Realm.framework */,
				CEE6BB2B1E3792FB0068E184 /* RealmSwift.framework */,
				CE9D4A231E36395A00FD0ED8 /* MonkeyKing.framework */,
				CE7EA5851E27C1190043357D /* SwiftHEXColors.framework */,
				CE7EA5571E25223F0043357D /* JZSpringRefresh.framework */,
				CE4A9CC81E2E4C3400EE82CC /* Crashlytics.framework */,
				CE4A9CC91E2E4C3400EE82CC /* Fabric.framework */,
			);
			path = venders;
			sourceTree = "<group>";
		};
		CE7EA56A1E265C210043357D /* extensions */ = {
			isa = PBXGroup;
			children = (
				CE7EA56B1E265C4B0043357D /* UIColor+Kana.swift */,
				CEE6BB371E39E3AF0068E184 /* Double+Kana.swift */,
				CEE6BBC01E3A21230068E184 /* String+Kana.swift */,
			);
			path = extensions;
			sourceTree = "<group>";
		};
		CE7EA56D1E2674010043357D /* views */ = {
			isa = PBXGroup;
			children = (
				CE7EA57E1E27AD9D0043357D /* layouts */,
				CE7EA56E1E26740D0043357D /* cells */,
			);
			path = views;
			sourceTree = "<group>";
		};
		CE7EA56E1E26740D0043357D /* cells */ = {
			isa = PBXGroup;
			children = (
				CE7EA56F1E26742F0043357D /* KanaCell.swift */,
				CE7EA5701E26742F0043357D /* KanaCell.xib */,
				CE7EA5731E26761E0043357D /* KanaHeaderView.swift */,
				CE7EA5741E26761E0043357D /* KanaHeaderView.xib */,
				CE7EA5771E2798290043357D /* AnswerCell.swift */,
				CE7EA5781E2798290043357D /* AnswerCell.xib */,
			);
			path = cells;
			sourceTree = "<group>";
		};
		CE7EA57B1E279F130043357D /* configs */ = {
			isa = PBXGroup;
			children = (
				CE7EA57C1E279F380043357D /* AppConfig.swift */,
			);
			path = configs;
			sourceTree = "<group>";
		};
		CE7EA57E1E27AD9D0043357D /* layouts */ = {
			isa = PBXGroup;
			children = (
				CE7EA57F1E27ADE00043357D /* KanaFlowLayout.swift */,
				CE7EA5811E27AEC40043357D /* KanaLayoutAttributes.swift */,
				CE7EA5831E27B7090043357D /* KanaSectionColorReusableView.swift */,
			);
			path = layouts;
			sourceTree = "<group>";
		};
		CEE6BB321E38D7900068E184 /* models */ = {
			isa = PBXGroup;
			children = (
				CEE6BB331E38D9F50068E184 /* Stat.swift */,
			);
			path = models;
			sourceTree = "<group>";
		};
		CEE6BB471E3A08580068E184 /* Firebase */ = {
			isa = PBXGroup;
			children = (
				CEE6BB571E3A08AB0068E184 /* Firebase.h */,
				CEE6BB481E3A08580068E184 /* FirebaseAnalytics.framework */,
				CEE6BB491E3A08580068E184 /* FirebaseCore.framework */,
				CEE6BB4A1E3A08580068E184 /* FirebaseInstanceID.framework */,
				CEE6BB4B1E3A08590068E184 /* GoogleInterchangeUtilities.framework */,
				CEE6BB4C1E3A08590068E184 /* GoogleMobileAds.framework */,
				CEE6BB4D1E3A08590068E184 /* GoogleSymbolUtilities.framework */,
				CEE6BB4E1E3A08590068E184 /* GoogleToolboxForMac.framework */,
				CEE6BB4F1E3A08590068E184 /* module.modulemap */,
			);
			path = Firebase;
			sourceTree = "<group>";
		};
		CEE6BB581E3A094A0068E184 /* Frameworks */ = {
			isa = PBXGroup;
			children = (
				CEE6BB721E3A0A8B0068E184 /* MobileCoreServices.framework */,
				CEE6BB701E3A0A680068E184 /* MediaPlayer.framework */,
				CEE6BB6D1E3A0A290068E184 /* GLKit.framework */,
				CEE6BB6B1E3A0A0E0068E184 /* AudioToolbox.framework */,
				CEE6BB691E3A09DB0068E184 /* CoreGraphics.framework */,
				CEE6BB671E3A09CC0068E184 /* QuartzCore.framework */,
				CEE6BB651E3A09C00068E184 /* CoreMedia.framework */,
				CEE6BB631E3A09B00068E184 /* CoreAudio.framework */,
				CEE6BB611E3A09A30068E184 /* CoreTelephony.framework */,
				CEE6BB5F1E3A09980068E184 /* libsqlite3.tbd */,
				CEE6BB5D1E3A09870068E184 /* MessageUI.framework */,
				CEE6BB5B1E3A096C0068E184 /* CoreMotion.framework */,
				CEE6BB591E3A094B0068E184 /* AVFoundation.framework */,
			);
			name = Frameworks;
			sourceTree = "<group>";
		};
/* End PBXGroup section */

/* Begin PBXNativeTarget section */
		CE1F2A2C1E211C5E004A627C /* kana */ = {
			isa = PBXNativeTarget;
			buildConfigurationList = CE1F2A3F1E211C5E004A627C /* Build configuration list for PBXNativeTarget "kana" */;
			buildPhases = (
				CE1F2A291E211C5E004A627C /* Sources */,
				CE1F2A2A1E211C5E004A627C /* Frameworks */,
				CE1F2A2B1E211C5E004A627C /* Resources */,
				CE7EA5561E25211E0043357D /* Embed Frameworks */,
				CE7EA58B1E2A61AB0043357D /* Carthage */,
				CE4A9CC61E2E494400EE82CC /* Fabric */,
			);
			buildRules = (
			);
			dependencies = (
			);
			name = kana;
			productName = kana;
			productReference = CE1F2A2D1E211C5E004A627C /* kana.app */;
			productType = "com.apple.product-type.application";
		};
/* End PBXNativeTarget section */

/* Begin PBXProject section */
		CE1F2A251E211C5E004A627C /* Project object */ = {
			isa = PBXProject;
			attributes = {
				LastSwiftUpdateCheck = 0820;
				LastUpgradeCheck = 0820;
				ORGANIZATIONNAME = Salmonapps;
				TargetAttributes = {
					CE1F2A2C1E211C5E004A627C = {
						CreatedOnToolsVersion = 8.2.1;
						DevelopmentTeam = 72T2SXUWHC;
						ProvisioningStyle = Manual;
						SystemCapabilities = {
							com.apple.Push = {
								enabled = 1;
							};
						};
					};
				};
			};
			buildConfigurationList = CE1F2A281E211C5E004A627C /* Build configuration list for PBXProject "kana" */;
			compatibilityVersion = "Xcode 3.2";
			developmentRegion = English;
			hasScannedForEncodings = 0;
			knownRegions = (
				en,
				Base,
				"zh-Hans",
				ja,
				de,
				fr,
				es,
				"zh-Hant",
				ko,
			);
			mainGroup = CE1F2A241E211C5E004A627C;
			productRefGroup = CE1F2A2E1E211C5E004A627C /* Products */;
			projectDirPath = "";
			projectRoot = "";
			targets = (
				CE1F2A2C1E211C5E004A627C /* kana */,
			);
		};
/* End PBXProject section */

/* Begin PBXResourcesBuildPhase section */
		CE1F2A2B1E211C5E004A627C /* Resources */ = {
			isa = PBXResourcesBuildPhase;
			buildActionMask = 2147483647;
			files = (
				CE1F2A3B1E211C5E004A627C /* LaunchScreen.storyboard in Resources */,
				CEE6BBB51E3A1FED0068E184 /* Localizable.strings in Resources */,
				CE1F2A451E211F4B004A627C /* Hosohuwafont.ttf in Resources */,
				CEE6BB751E3A0D3C0068E184 /* GoogleService-Info.plist in Resources */,
				CE1F2A381E211C5E004A627C /* Assets.xcassets in Resources */,
				CE7EA5761E26761E0043357D /* KanaHeaderView.xib in Resources */,
				CE1F2A361E211C5E004A627C /* Question.storyboard in Resources */,
				CE7EA5721E26742F0043357D /* KanaCell.xib in Resources */,
				CE7EA5671E26582C0043357D /* Kana.storyboard in Resources */,
				CEE6BBA81E3A1D1A0068E184 /* InfoPlist.strings in Resources */,
				CE7EA57A1E2798290043357D /* AnswerCell.xib in Resources */,
			);
			runOnlyForDeploymentPostprocessing = 0;
		};
/* End PBXResourcesBuildPhase section */

/* Begin PBXShellScriptBuildPhase section */
		CE4A9CC61E2E494400EE82CC /* Fabric */ = {
			isa = PBXShellScriptBuildPhase;
			buildActionMask = 2147483647;
			files = (
			);
			inputPaths = (
			);
			name = Fabric;
			outputPaths = (
			);
			runOnlyForDeploymentPostprocessing = 0;
			shellPath = /bin/sh;
			shellScript = "\"${PROJECT_DIR}/kana/venders/Fabric.framework/run\" be267c870371d122cf90b237a5fa052164a4a9d5 f11e768ac853513e35a91d70c36af3829b3f3206538601b18fbafa670a9f8ebd";
		};
		CE7EA58B1E2A61AB0043357D /* Carthage */ = {
			isa = PBXShellScriptBuildPhase;
			buildActionMask = 2147483647;
			files = (
			);
			inputPaths = (
				"$(SRCROOT)/Carthage/Build/iOS/JZSpringRefresh.framework",
				"$(SRCROOT)/Carthage/Build/iOS/SwiftHEXColors.framework",
				"$(SRCROOT)/Carthage/Build/iOS/MonkeyKing.framework",
				"$(SRCROOT)/Carthage/Build/iOS/Realm.framework",
				"$(SRCROOT)/Carthage/Build/iOS/RealmSwift.framework",
			);
			name = Carthage;
			outputPaths = (
			);
			runOnlyForDeploymentPostprocessing = 0;
			shellPath = /bin/sh;
			shellScript = "/usr/local/bin/carthage copy-frameworks";
		};
/* End PBXShellScriptBuildPhase section */

/* Begin PBXSourcesBuildPhase section */
		CE1F2A291E211C5E004A627C /* Sources */ = {
			isa = PBXSourcesBuildPhase;
			buildActionMask = 2147483647;
			files = (
				CEE6BB341E38D9F50068E184 /* Stat.swift in Sources */,
				CE7EA5801E27ADE00043357D /* KanaFlowLayout.swift in Sources */,
				CE7EA5711E26742F0043357D /* KanaCell.swift in Sources */,
				CE7EA57D1E279F380043357D /* AppConfig.swift in Sources */,
				CE7EA5841E27B7090043357D /* KanaSectionColorReusableView.swift in Sources */,
				CE7EA56C1E265C4B0043357D /* UIColor+Kana.swift in Sources */,
				CE7EA5641E2657FB0043357D /* KanaViewController.swift in Sources */,
				CE7EA5821E27AEC40043357D /* KanaLayoutAttributes.swift in Sources */,
				CE9D4A221E36313300FD0ED8 /* MenuViewController.swift in Sources */,
				CEE6BB381E39E3AF0068E184 /* Double+Kana.swift in Sources */,
				CE1F2A331E211C5E004A627C /* QuestionController.swift in Sources */,
				CE7EA5791E2798290043357D /* AnswerCell.swift in Sources */,
				CE7EA5751E26761E0043357D /* KanaHeaderView.swift in Sources */,
				CEE6BBC11E3A21230068E184 /* String+Kana.swift in Sources */,
				CE1F2A311E211C5E004A627C /* AppDelegate.swift in Sources */,
			);
			runOnlyForDeploymentPostprocessing = 0;
		};
/* End PBXSourcesBuildPhase section */

/* Begin PBXVariantGroup section */
		CE1F2A341E211C5E004A627C /* Question.storyboard */ = {
			isa = PBXVariantGroup;
			children = (
				CE1F2A351E211C5E004A627C /* Base */,
				CEE6BB761E3A17670068E184 /* zh-Hans */,
				CEE6BB791E3A17710068E184 /* ja */,
				CEE6BB7C1E3A177D0068E184 /* de */,
				CEE6BB7F1E3A17820068E184 /* fr */,
				CEE6BB821E3A178F0068E184 /* es */,
				CEE6BB851E3A18050068E184 /* zh-Hant */,
				CEE6BB911E3A182A0068E184 /* ko */,
			);
			name = Question.storyboard;
			sourceTree = "<group>";
		};
		CE1F2A391E211C5E004A627C /* LaunchScreen.storyboard */ = {
			isa = PBXVariantGroup;
			children = (
				CE1F2A3A1E211C5E004A627C /* Base */,
				CEE6BB781E3A17680068E184 /* zh-Hans */,
				CEE6BB7B1E3A17720068E184 /* ja */,
				CEE6BB7E1E3A177D0068E184 /* de */,
				CEE6BB811E3A17820068E184 /* fr */,
				CEE6BB841E3A178F0068E184 /* es */,
				CEE6BB871E3A18060068E184 /* zh-Hant */,
				CEE6BB931E3A182A0068E184 /* ko */,
			);
			name = LaunchScreen.storyboard;
			sourceTree = "<group>";
		};
		CE7EA5691E26582C0043357D /* Kana.storyboard */ = {
			isa = PBXVariantGroup;
			children = (
				CE7EA5681E26582C0043357D /* Base */,
				CEE6BB771E3A17670068E184 /* zh-Hans */,
				CEE6BB7A1E3A17720068E184 /* ja */,
				CEE6BB7D1E3A177D0068E184 /* de */,
				CEE6BB801E3A17820068E184 /* fr */,
				CEE6BB831E3A178F0068E184 /* es */,
				CEE6BB861E3A18050068E184 /* zh-Hant */,
				CEE6BB921E3A182A0068E184 /* ko */,
			);
			name = Kana.storyboard;
			sourceTree = "<group>";
		};
		CEE6BBAA1E3A1D1A0068E184 /* InfoPlist.strings */ = {
			isa = PBXVariantGroup;
			children = (
				CEE6BBA91E3A1D1A0068E184 /* Base */,
				CEE6BBAB1E3A1D1C0068E184 /* zh-Hans */,
				CEE6BBAC1E3A1D1E0068E184 /* ja */,
				CEE6BBAD1E3A1D1F0068E184 /* de */,
				CEE6BBAE1E3A1D200068E184 /* fr */,
				CEE6BBAF1E3A1D210068E184 /* es */,
				CEE6BBB01E3A1D210068E184 /* zh-Hant */,
				CEE6BBB11E3A1D220068E184 /* ko */,
				CEE6BBB21E3A1EC60068E184 /* en */,
			);
			name = InfoPlist.strings;
			sourceTree = "<group>";
		};
		CEE6BBB71E3A1FED0068E184 /* Localizable.strings */ = {
			isa = PBXVariantGroup;
			children = (
				CEE6BBB61E3A1FED0068E184 /* Base */,
				CEE6BBB91E3A20880068E184 /* zh-Hans */,
				CEE6BBBA1E3A20890068E184 /* ja */,
				CEE6BBBB1E3A208A0068E184 /* de */,
				CEE6BBBC1E3A208B0068E184 /* fr */,
				CEE6BBBD1E3A208C0068E184 /* es */,
				CEE6BBBE1E3A208D0068E184 /* zh-Hant */,
				CEE6BBBF1E3A208D0068E184 /* ko */,
			);
			name = Localizable.strings;
			sourceTree = "<group>";
		};
/* End PBXVariantGroup section */

/* Begin XCBuildConfiguration section */
		CE1F2A3D1E211C5E004A627C /* Debug */ = {
			isa = XCBuildConfiguration;
			buildSettings = {
				ALWAYS_SEARCH_USER_PATHS = NO;
				CLANG_ANALYZER_LOCALIZABILITY_NONLOCALIZED = YES;
				CLANG_ANALYZER_NONNULL = YES;
				CLANG_CXX_LANGUAGE_STANDARD = "gnu++0x";
				CLANG_CXX_LIBRARY = "libc++";
				CLANG_ENABLE_MODULES = YES;
				CLANG_ENABLE_OBJC_ARC = YES;
				CLANG_WARN_BOOL_CONVERSION = YES;
				CLANG_WARN_CONSTANT_CONVERSION = YES;
				CLANG_WARN_DIRECT_OBJC_ISA_USAGE = YES_ERROR;
				CLANG_WARN_DOCUMENTATION_COMMENTS = YES;
				CLANG_WARN_EMPTY_BODY = YES;
				CLANG_WARN_ENUM_CONVERSION = YES;
				CLANG_WARN_INFINITE_RECURSION = YES;
				CLANG_WARN_INT_CONVERSION = YES;
				CLANG_WARN_OBJC_ROOT_CLASS = YES_ERROR;
				CLANG_WARN_SUSPICIOUS_MOVE = YES;
				CLANG_WARN_UNREACHABLE_CODE = YES;
				CLANG_WARN__DUPLICATE_METHOD_MATCH = YES;
				"CODE_SIGN_IDENTITY[sdk=iphoneos*]" = "iPhone Developer";
				COPY_PHASE_STRIP = NO;
				DEBUG_INFORMATION_FORMAT = dwarf;
				ENABLE_STRICT_OBJC_MSGSEND = YES;
				ENABLE_TESTABILITY = YES;
				GCC_C_LANGUAGE_STANDARD = gnu99;
				GCC_DYNAMIC_NO_PIC = NO;
				GCC_NO_COMMON_BLOCKS = YES;
				GCC_OPTIMIZATION_LEVEL = 0;
				GCC_PREPROCESSOR_DEFINITIONS = (
					"DEBUG=1",
					"$(inherited)",
				);
				GCC_WARN_64_TO_32_BIT_CONVERSION = YES;
				GCC_WARN_ABOUT_RETURN_TYPE = YES_ERROR;
				GCC_WARN_UNDECLARED_SELECTOR = YES;
				GCC_WARN_UNINITIALIZED_AUTOS = YES_AGGRESSIVE;
				GCC_WARN_UNUSED_FUNCTION = YES;
				GCC_WARN_UNUSED_VARIABLE = YES;
				IPHONEOS_DEPLOYMENT_TARGET = 9.0;
				MTL_ENABLE_DEBUG_INFO = YES;
				ONLY_ACTIVE_ARCH = YES;
				OTHER_LDFLAGS = "-ObjC";
				SDKROOT = iphoneos;
				SWIFT_ACTIVE_COMPILATION_CONDITIONS = DEBUG;
				SWIFT_OPTIMIZATION_LEVEL = "-Onone";
				TARGETED_DEVICE_FAMILY = "1,2";
			};
			name = Debug;
		};
		CE1F2A3E1E211C5E004A627C /* Release */ = {
			isa = XCBuildConfiguration;
			buildSettings = {
				ALWAYS_SEARCH_USER_PATHS = NO;
				CLANG_ANALYZER_LOCALIZABILITY_NONLOCALIZED = YES;
				CLANG_ANALYZER_NONNULL = YES;
				CLANG_CXX_LANGUAGE_STANDARD = "gnu++0x";
				CLANG_CXX_LIBRARY = "libc++";
				CLANG_ENABLE_MODULES = YES;
				CLANG_ENABLE_OBJC_ARC = YES;
				CLANG_WARN_BOOL_CONVERSION = YES;
				CLANG_WARN_CONSTANT_CONVERSION = YES;
				CLANG_WARN_DIRECT_OBJC_ISA_USAGE = YES_ERROR;
				CLANG_WARN_DOCUMENTATION_COMMENTS = YES;
				CLANG_WARN_EMPTY_BODY = YES;
				CLANG_WARN_ENUM_CONVERSION = YES;
				CLANG_WARN_INFINITE_RECURSION = YES;
				CLANG_WARN_INT_CONVERSION = YES;
				CLANG_WARN_OBJC_ROOT_CLASS = YES_ERROR;
				CLANG_WARN_SUSPICIOUS_MOVE = YES;
				CLANG_WARN_UNREACHABLE_CODE = YES;
				CLANG_WARN__DUPLICATE_METHOD_MATCH = YES;
				"CODE_SIGN_IDENTITY[sdk=iphoneos*]" = "iPhone Developer";
				COPY_PHASE_STRIP = NO;
				DEBUG_INFORMATION_FORMAT = "dwarf-with-dsym";
				ENABLE_NS_ASSERTIONS = NO;
				ENABLE_STRICT_OBJC_MSGSEND = YES;
				GCC_C_LANGUAGE_STANDARD = gnu99;
				GCC_NO_COMMON_BLOCKS = YES;
				GCC_WARN_64_TO_32_BIT_CONVERSION = YES;
				GCC_WARN_ABOUT_RETURN_TYPE = YES_ERROR;
				GCC_WARN_UNDECLARED_SELECTOR = YES;
				GCC_WARN_UNINITIALIZED_AUTOS = YES_AGGRESSIVE;
				GCC_WARN_UNUSED_FUNCTION = YES;
				GCC_WARN_UNUSED_VARIABLE = YES;
				IPHONEOS_DEPLOYMENT_TARGET = 9.0;
				MTL_ENABLE_DEBUG_INFO = NO;
				OTHER_LDFLAGS = "-ObjC";
				SDKROOT = iphoneos;
				SWIFT_OPTIMIZATION_LEVEL = "-Owholemodule";
				TARGETED_DEVICE_FAMILY = "1,2";
				VALIDATE_PRODUCT = YES;
			};
			name = Release;
		};
		CE1F2A401E211C5E004A627C /* Debug */ = {
			isa = XCBuildConfiguration;
			buildSettings = {
				ASSETCATALOG_COMPILER_APPICON_NAME = AppIcon;
				CODE_SIGN_ENTITLEMENTS = kana/kana.entitlements;
				DEVELOPMENT_TEAM = 72T2SXUWHC;
				FRAMEWORK_SEARCH_PATHS = (
					"$(inherited)",
					"$(PROJECT_DIR)",
					"$(PROJECT_DIR)/Carthage/Build/iOS",
					"$(PROJECT_DIR)/kana/venders",
					"$(PROJECT_DIR)/kana/venders/Firebase",
				);
				INFOPLIST_FILE = kana/Info.plist;
				IPHONEOS_DEPLOYMENT_TARGET = 10.0;
				LD_RUNPATH_SEARCH_PATHS = "$(inherited) @executable_path/Frameworks";
				OTHER_LDFLAGS = (
					"$(OTHER_LDFLAGS)",
					"-ObjC",
				);
				PRODUCT_BUNDLE_IDENTIFIER = com.salmonapps.app.kana;
				PRODUCT_NAME = "$(TARGET_NAME)";
				PROVISIONING_PROFILE = "3ee246ba-7d5a-474a-a4cb-7420e353ad77";
				PROVISIONING_PROFILE_SPECIFIER = "kana-dev";
				SWIFT_VERSION = 3.0;
				USER_HEADER_SEARCH_PATHS = kana/venders/Firebase;
			};
			name = Debug;
		};
		CE1F2A411E211C5E004A627C /* Release */ = {
			isa = XCBuildConfiguration;
			buildSettings = {
				ASSETCATALOG_COMPILER_APPICON_NAME = AppIcon;
				CODE_SIGN_ENTITLEMENTS = kana/kana.entitlements;
				"CODE_SIGN_IDENTITY[sdk=iphoneos*]" = "iPhone Distribution";
				DEVELOPMENT_TEAM = 72T2SXUWHC;
				FRAMEWORK_SEARCH_PATHS = (
					"$(inherited)",
					"$(PROJECT_DIR)",
					"$(PROJECT_DIR)/Carthage/Build/iOS",
					"$(PROJECT_DIR)/kana/venders",
					"$(PROJECT_DIR)/kana/venders/Firebase",
				);
				INFOPLIST_FILE = kana/Info.plist;
				IPHONEOS_DEPLOYMENT_TARGET = 10.0;
				LD_RUNPATH_SEARCH_PATHS = "$(inherited) @executable_path/Frameworks";
				OTHER_LDFLAGS = (
					"$(OTHER_LDFLAGS)",
					"-ObjC",
				);
				PRODUCT_BUNDLE_IDENTIFIER = com.salmonapps.app.kana;
				PRODUCT_NAME = "$(TARGET_NAME)";
				PROVISIONING_PROFILE = "85a11103-974b-42a7-9b63-3fa812b87fcd";
				PROVISIONING_PROFILE_SPECIFIER = "kana-appstore";
				SWIFT_VERSION = 3.0;
				USER_HEADER_SEARCH_PATHS = kana/venders/Firebase;
			};
			name = Release;
		};
/* End XCBuildConfiguration section */

/* Begin XCConfigurationList section */
		CE1F2A281E211C5E004A627C /* Build configuration list for PBXProject "kana" */ = {
			isa = XCConfigurationList;
			buildConfigurations = (
				CE1F2A3D1E211C5E004A627C /* Debug */,
				CE1F2A3E1E211C5E004A627C /* Release */,
			);
			defaultConfigurationIsVisible = 0;
			defaultConfigurationName = Release;
		};
		CE1F2A3F1E211C5E004A627C /* Build configuration list for PBXNativeTarget "kana" */ = {
			isa = XCConfigurationList;
			buildConfigurations = (
				CE1F2A401E211C5E004A627C /* Debug */,
				CE1F2A411E211C5E004A627C /* Release */,
			);
			defaultConfigurationIsVisible = 0;
			defaultConfigurationName = Release;
		};
/* End XCConfigurationList section */
	};
	rootObject = CE1F2A251E211C5E004A627C /* Project object */;
}
