// !$*UTF8*$!
{
	archiveVersion = 1;
	classes = {
	};
	objectVersion = 77;
	objects = {

/* Begin PBXBuildFile section */
		124F4E482BB41BCCC0E4D12E /* KanaCell.xib in Resources */ = {isa = PBXBuildFile; fileRef = E67F9880FBE9E44568076454 /* KanaCell.xib */; };
		14676EAFC23FE582DD70F4FF /* Store.swift in Sources */ = {isa = PBXBuildFile; fileRef = CAC3D390CCA9D7BE18EE5E00 /* Store.swift */; };
		1816ADA672743E79D2AB173E /* InfoPlist.strings in Resources */ = {isa = PBXBuildFile; fileRef = 56917E91A9EA07968EF1F063 /* InfoPlist.strings */; };
		19841A17E3BFB2477C274FF8 /* Kana.storyboard in Resources */ = {isa = PBXBuildFile; fileRef = CD55E24C97884047DFFF5298 /* Kana.storyboard */; };
		1CFF43C29346F07C1E5F7A03 /* KanaHeaderView.swift in Sources */ = {isa = PBXBuildFile; fileRef = B8FAFA8294F899E4DA296A13 /* KanaHeaderView.swift */; };
		2096FBAD7D4D29C71FDE9B6B /* String+Kana.swift in Sources */ = {isa = PBXBuildFile; fileRef = 5D4349CE46B777242EF71177 /* String+Kana.swift */; };
		2325C411BE31B613E2B84EDA /* AVFoundation.framework in Frameworks */ = {isa = PBXBuildFile; fileRef = 7A71B0F406839931DCEF6401 /* AVFoundation.framework */; };
		26072040E25E8FB20136D77A /* KanaSectionColorReusableView.swift in Sources */ = {isa = PBXBuildFile; fileRef = A945C39FC4DA65C07EAAFDB3 /* KanaSectionColorReusableView.swift */; };
		3FCAC5B1CC0A6EEB0E4D8C69 /* correct.wav in Resources */ = {isa = PBXBuildFile; fileRef = AEFE7F07707B5C8537AF9AD4 /* correct.wav */; };
		4F5B29E3AB82D73F15F91735 /* UIColor+Kana.swift in Sources */ = {isa = PBXBuildFile; fileRef = 4F38343061359A3A798BF576 /* UIColor+Kana.swift */; };
		502E274E90D1BA0BA36E65C9 /* FirebaseAnalytics in Frameworks */ = {isa = PBXBuildFile; productRef = 6273B8EAD78DEE7E8C2E5F1C /* FirebaseAnalytics */; };
		5721CE2B7B9F6CBA4BD16B9D /* Localizable.strings in Resources */ = {isa = PBXBuildFile; fileRef = 2EDF7CE5626D165E167F9D68 /* Localizable.strings */; };
		594F26DCEDBE4944D22562C2 /* KanaLayoutAttributes.swift in Sources */ = {isa = PBXBuildFile; fileRef = 34CA63CCAD16C895783ACC11 /* KanaLayoutAttributes.swift */; };
		5AF9F3DCE1DDD1ED3DE2340E /* AdsManager.swift in Sources */ = {isa = PBXBuildFile; fileRef = 4E1A4C557E712F0E458DFB02 /* AdsManager.swift */; };
		5CFB43D971B03A856FBC5D3D /* KanaFlowLayout.swift in Sources */ = {isa = PBXBuildFile; fileRef = 696AB297BB0B39D5B97D757C /* KanaFlowLayout.swift */; };
		69028264C92CA27121E02F3F /* LaunchScreen.storyboard in Resources */ = {isa = PBXBuildFile; fileRef = 6C8549D6FA70E0FB9D49DE8D /* LaunchScreen.storyboard */; };
		698395C24FBDCC8E4943D29B /* KanaCell.swift in Sources */ = {isa = PBXBuildFile; fileRef = FA2CDEA7F12EE4D37ED034BB /* KanaCell.swift */; };
		6CC1C6BEBFAEABBB6EA939DC /* Double+Kana.swift in Sources */ = {isa = PBXBuildFile; fileRef = 3AF62BE43D81292CC83689D4 /* Double+Kana.swift */; };
		6E658D44550DD7C16ED46CF7 /* Hosohuwafont.ttf in Resources */ = {isa = PBXBuildFile; fileRef = 2C062B921BBABC9C8D6E4763 /* Hosohuwafont.ttf */; };
		79AD5258B159122063982F10 /* StoreTests.swift in Sources */ = {isa = PBXBuildFile; fileRef = ACDFA032EE14D3BC1B9AA7FC /* StoreTests.swift */; };
		7D1A13DAE4B49690D322D707 /* Assets.xcassets in Resources */ = {isa = PBXBuildFile; fileRef = EE6A5C643C5DFF44CA4DA329 /* Assets.xcassets */; };
		857091DC92C1BB5159A6BACB /* incorrect.wav in Resources */ = {isa = PBXBuildFile; fileRef = F88F1CF9856F89565FB2EA94 /* incorrect.wav */; };
		88F9A2D8A44046A8E08B7502 /* Configuration.storekit in Resources */ = {isa = PBXBuildFile; fileRef = 2E0A4465F4244DF5C464DF40 /* Configuration.storekit */; };
		948C4B7893C85419D7B714AB /* SceneDelegate.swift in Sources */ = {isa = PBXBuildFile; fileRef = 6CE8047557008CB1B26037CA /* SceneDelegate.swift */; };
		9737A6F0D9BCB8FF5955E7F8 /* Question.storyboard in Resources */ = {isa = PBXBuildFile; fileRef = 9F92538579AD46FE0C3E1489 /* Question.storyboard */; };
		988CDF4E3C8359274B7FB932 /* StatStoreTests.swift in Sources */ = {isa = PBXBuildFile; fileRef = 3F7AD24D402DD2823B92CA11 /* StatStoreTests.swift */; };
		9D304E425B659F297CF98D8F /* KanaViewController.swift in Sources */ = {isa = PBXBuildFile; fileRef = 1BAEE85C268D00F9228AB807 /* KanaViewController.swift */; };
		A15D24796DA675079FA69874 /* QuestionController.swift in Sources */ = {isa = PBXBuildFile; fileRef = 260E2F0288A6CD7A9D469F6B /* QuestionController.swift */; };
		A17E2B9D2DBA4C264D9EE176 /* GoogleUserMessagingPlatform in Frameworks */ = {isa = PBXBuildFile; productRef = F98A5A1CA64AFF5560A2EAB3 /* GoogleUserMessagingPlatform */; };
		A39E3458ECAEA71924FFFE92 /* KanaHeaderView.xib in Resources */ = {isa = PBXBuildFile; fileRef = C173E449FA729C6419415DAE /* KanaHeaderView.xib */; };
		ABB698CF82C7AFA443338FC6 /* MenuViewController.swift in Sources */ = {isa = PBXBuildFile; fileRef = 83434FD973ACDF6105E78620 /* MenuViewController.swift */; };
		B0A1E0FD5A13CBFB95726A32 /* AppConfig.swift in Sources */ = {isa = PBXBuildFile; fileRef = A455A39CC7E4222EBAAAF73B /* AppConfig.swift */; };
		B0B2B368BEA30709E1A8C3AB /* MessageUI.framework in Frameworks */ = {isa = PBXBuildFile; fileRef = B936188F2791409D0561F03F /* MessageUI.framework */; };
		B9FED4E01CE5137AF3C54EEE /* KanaUITests.swift in Sources */ = {isa = PBXBuildFile; fileRef = 7D02949F9F73A215C8F29204 /* KanaUITests.swift */; };
		BA0B5371700CC86D49B1AEBF /* StoreScreenshotTests.swift in Sources */ = {isa = PBXBuildFile; fileRef = 637CB105B414C641DB76A29C /* StoreScreenshotTests.swift */; };
		CD43A75DF1FE1F6510B48EAE /* GoogleService-Info.plist in Resources */ = {isa = PBXBuildFile; fileRef = 8F377374968FF116E20FFBE6 /* GoogleService-Info.plist */; };
		D1D4FA713BEFDF5DC1B3DD5C /* AnswerCell.xib in Resources */ = {isa = PBXBuildFile; fileRef = 26372ABC5CCAEEAF89FB645A /* AnswerCell.xib */; };
		D6F03D2F9CBFBA278ECD1081 /* StoreKit.framework in Frameworks */ = {isa = PBXBuildFile; fileRef = 0CFB585B6AD5F2A889634779 /* StoreKit.framework */; };
		DC252E076BA007788BE06995 /* AppTrackingTransparency.framework in Frameworks */ = {isa = PBXBuildFile; fileRef = CEF673F4804D45B3C9BE8F46 /* AppTrackingTransparency.framework */; };
		E9CE0D9EE6137A3C98CABF14 /* StatStore.swift in Sources */ = {isa = PBXBuildFile; fileRef = 491D1128D355D4266BD9E378 /* StatStore.swift */; };
		EB8E6A24DCCB5B84204170E5 /* StoreKitTest.framework in Frameworks */ = {isa = PBXBuildFile; fileRef = D83C4E59BDB7725C69A6BF03 /* StoreKitTest.framework */; };
		F3F757A4BECBBF27113B8774 /* GoogleMobileAds in Frameworks */ = {isa = PBXBuildFile; productRef = 2DF2CED1C33D674C0B999956 /* GoogleMobileAds */; };
		F4DDF6EB9648670205246D0C /* AppDelegate.swift in Sources */ = {isa = PBXBuildFile; fileRef = A399CE3860C472A6CF6F19B4 /* AppDelegate.swift */; };
		F703375744466570246A162A /* AnswerCell.swift in Sources */ = {isa = PBXBuildFile; fileRef = F988100CA169933B4AC9F05F /* AnswerCell.swift */; };
/* End PBXBuildFile section */

/* Begin PBXContainerItemProxy section */
		10CADD9723348F1A9F079FA3 /* PBXContainerItemProxy */ = {
			isa = PBXContainerItemProxy;
			containerPortal = AE8E4DA0D29E3CB5F56C2B0A /* Project object */;
			proxyType = 1;
			remoteGlobalIDString = 4691941132EE193F94E07957;
			remoteInfo = kana;
		};
		3CBE09E4AD8E5C9F5352BFE6 /* PBXContainerItemProxy */ = {
			isa = PBXContainerItemProxy;
			containerPortal = AE8E4DA0D29E3CB5F56C2B0A /* Project object */;
			proxyType = 1;
			remoteGlobalIDString = 4691941132EE193F94E07957;
			remoteInfo = kana;
		};
/* End PBXContainerItemProxy section */

/* Begin PBXFileReference section */
		0405D38216DA013938E8E953 /* zh-Hant */ = {isa = PBXFileReference; lastKnownFileType = text.plist.strings; name = "zh-Hant"; path = "zh-Hant.lproj/LaunchScreen.strings"; sourceTree = "<group>"; };
		05A1F90E415E7907102F6557 /* de */ = {isa = PBXFileReference; lastKnownFileType = text.plist.strings; name = de; path = de.lproj/InfoPlist.strings; sourceTree = "<group>"; };
		0CFB585B6AD5F2A889634779 /* StoreKit.framework */ = {isa = PBXFileReference; lastKnownFileType = wrapper.framework; name = StoreKit.framework; path = System/Library/Frameworks/StoreKit.framework; sourceTree = SDKROOT; };
		13D79CA61AF7D26E97F9DA82 /* kana.app */ = {isa = PBXFileReference; includeInIndex = 0; lastKnownFileType = wrapper.application; path = kana.app; sourceTree = BUILT_PRODUCTS_DIR; };
		175AE19A9BD5671ED78FCEC5 /* fr */ = {isa = PBXFileReference; lastKnownFileType = text.plist.strings; name = fr; path = fr.lproj/Localizable.strings; sourceTree = "<group>"; };
		1BAEE85C268D00F9228AB807 /* KanaViewController.swift */ = {isa = PBXFileReference; lastKnownFileType = sourcecode.swift; path = KanaViewController.swift; sourceTree = "<group>"; };
		260E2F0288A6CD7A9D469F6B /* QuestionController.swift */ = {isa = PBXFileReference; lastKnownFileType = sourcecode.swift; path = QuestionController.swift; sourceTree = "<group>"; };
		26372ABC5CCAEEAF89FB645A /* AnswerCell.xib */ = {isa = PBXFileReference; lastKnownFileType = file.xib; path = AnswerCell.xib; sourceTree = "<group>"; };
		27BC57696C80700181DD8E9A /* de */ = {isa = PBXFileReference; lastKnownFileType = text.plist.strings; name = de; path = de.lproj/Kana.strings; sourceTree = "<group>"; };
		288A8EFBA43D268AA4219620 /* kanaUITests.xctest */ = {isa = PBXFileReference; includeInIndex = 0; lastKnownFileType = wrapper.cfbundle; path = kanaUITests.xctest; sourceTree = BUILT_PRODUCTS_DIR; };
		29BE5622846AF0FC14C39C2A /* ko */ = {isa = PBXFileReference; lastKnownFileType = text.plist.strings; name = ko; path = ko.lproj/Kana.strings; sourceTree = "<group>"; };
		2C062B921BBABC9C8D6E4763 /* Hosohuwafont.ttf */ = {isa = PBXFileReference; lastKnownFileType = file; path = Hosohuwafont.ttf; sourceTree = "<group>"; };
		2E0A4465F4244DF5C464DF40 /* Configuration.storekit */ = {isa = PBXFileReference; path = Configuration.storekit; sourceTree = "<group>"; };
		34CA63CCAD16C895783ACC11 /* KanaLayoutAttributes.swift */ = {isa = PBXFileReference; lastKnownFileType = sourcecode.swift; path = KanaLayoutAttributes.swift; sourceTree = "<group>"; };
		366651BAAB08BAC2221D4768 /* zh-Hant */ = {isa = PBXFileReference; lastKnownFileType = text.plist.strings; name = "zh-Hant"; path = "zh-Hant.lproj/Question.strings"; sourceTree = "<group>"; };
		3AF62BE43D81292CC83689D4 /* Double+Kana.swift */ = {isa = PBXFileReference; lastKnownFileType = sourcecode.swift; path = "Double+Kana.swift"; sourceTree = "<group>"; };
		3F7AD24D402DD2823B92CA11 /* StatStoreTests.swift */ = {isa = PBXFileReference; lastKnownFileType = sourcecode.swift; path = StatStoreTests.swift; sourceTree = "<group>"; };
		491D1128D355D4266BD9E378 /* StatStore.swift */ = {isa = PBXFileReference; lastKnownFileType = sourcecode.swift; path = StatStore.swift; sourceTree = "<group>"; };
		4A746606257C990DBECB490E /* zh-Hant */ = {isa = PBXFileReference; lastKnownFileType = text.plist.strings; name = "zh-Hant"; path = "zh-Hant.lproj/Localizable.strings"; sourceTree = "<group>"; };
		4A9BC2F060BC13304430BB92 /* ko */ = {isa = PBXFileReference; lastKnownFileType = text.plist.strings; name = ko; path = ko.lproj/LaunchScreen.strings; sourceTree = "<group>"; };
		4AD56D8079FF41380B596855 /* Base */ = {isa = PBXFileReference; lastKnownFileType = text.plist.strings; name = Base; path = Base.lproj/InfoPlist.strings; sourceTree = "<group>"; };
		4E1A4C557E712F0E458DFB02 /* AdsManager.swift */ = {isa = PBXFileReference; lastKnownFileType = sourcecode.swift; path = AdsManager.swift; sourceTree = "<group>"; };
		4F38343061359A3A798BF576 /* UIColor+Kana.swift */ = {isa = PBXFileReference; lastKnownFileType = sourcecode.swift; path = "UIColor+Kana.swift"; sourceTree = "<group>"; };
		52E9FBA684899C4C1A30AC13 /* ko */ = {isa = PBXFileReference; lastKnownFileType = text.plist.strings; name = ko; path = ko.lproj/Question.strings; sourceTree = "<group>"; };
		54684617CBD0C9914B9C220F /* de */ = {isa = PBXFileReference; lastKnownFileType = text.plist.strings; name = de; path = de.lproj/Question.strings; sourceTree = "<group>"; };
		5CB1C4190A7692BC05E24699 /* en */ = {isa = PBXFileReference; lastKnownFileType = text.plist.strings; name = en; path = en.lproj/InfoPlist.strings; sourceTree = "<group>"; };
		5D4349CE46B777242EF71177 /* String+Kana.swift */ = {isa = PBXFileReference; lastKnownFileType = sourcecode.swift; path = "String+Kana.swift"; sourceTree = "<group>"; };
		637CB105B414C641DB76A29C /* StoreScreenshotTests.swift */ = {isa = PBXFileReference; lastKnownFileType = sourcecode.swift; path = StoreScreenshotTests.swift; sourceTree = "<group>"; };
		66680FCCE35D48154B04AD37 /* ja */ = {isa = PBXFileReference; lastKnownFileType = text.plist.strings; name = ja; path = ja.lproj/Kana.strings; sourceTree = "<group>"; };
		682CA4CC88228BA029469EF9 /* Base */ = {isa = PBXFileReference; lastKnownFileType = file.storyboard; name = Base; path = Base.lproj/Kana.storyboard; sourceTree = "<group>"; };
		696AB297BB0B39D5B97D757C /* KanaFlowLayout.swift */ = {isa = PBXFileReference; lastKnownFileType = sourcecode.swift; path = KanaFlowLayout.swift; sourceTree = "<group>"; };
		6C244E06EAFE42C801C0AC75 /* en */ = {isa = PBXFileReference; lastKnownFileType = text.plist.strings; name = en; path = en.lproj/Localizable.strings; sourceTree = "<group>"; };
		6CE8047557008CB1B26037CA /* SceneDelegate.swift */ = {isa = PBXFileReference; lastKnownFileType = sourcecode.swift; path = SceneDelegate.swift; sourceTree = "<group>"; };
		6D6A2FFEAE642F7D1CF91B3B /* de */ = {isa = PBXFileReference; lastKnownFileType = text.plist.strings; name = de; path = de.lproj/LaunchScreen.strings; sourceTree = "<group>"; };
		74C6BC34BDF7625B130E4E48 /* zh-Hans */ = {isa = PBXFileReference; lastKnownFileType = text.plist.strings; name = "zh-Hans"; path = "zh-Hans.lproj/LaunchScreen.strings"; sourceTree = "<group>"; };
		7A71B0F406839931DCEF6401 /* AVFoundation.framework */ = {isa = PBXFileReference; lastKnownFileType = wrapper.framework; name = AVFoundation.framework; path = System/Library/Frameworks/AVFoundation.framework; sourceTree = SDKROOT; };
		7D02949F9F73A215C8F29204 /* KanaUITests.swift */ = {isa = PBXFileReference; lastKnownFileType = sourcecode.swift; path = KanaUITests.swift; sourceTree = "<group>"; };
		7F9E2D7743360024017D93A2 /* zh-Hant */ = {isa = PBXFileReference; lastKnownFileType = text.plist.strings; name = "zh-Hant"; path = "zh-Hant.lproj/InfoPlist.strings"; sourceTree = "<group>"; };
		83434FD973ACDF6105E78620 /* MenuViewController.swift */ = {isa = PBXFileReference; lastKnownFileType = sourcecode.swift; path = MenuViewController.swift; sourceTree = "<group>"; };
		845E305601E78347E2C82AE4 /* ja */ = {isa = PBXFileReference; lastKnownFileType = text.plist.strings; name = ja; path = ja.lproj/LaunchScreen.strings; sourceTree = "<group>"; };
		8F11FD04BFCC8D665675706F /* es */ = {isa = PBXFileReference; lastKnownFileType = text.plist.strings; name = es; path = es.lproj/Question.strings; sourceTree = "<group>"; };
		8F377374968FF116E20FFBE6 /* GoogleService-Info.plist */ = {isa = PBXFileReference; lastKnownFileType = text.plist; path = "GoogleService-Info.plist"; sourceTree = "<group>"; };
		9238B7519A7CC2551D276588 /* fr */ = {isa = PBXFileReference; lastKnownFileType = text.plist.strings; name = fr; path = fr.lproj/Question.strings; sourceTree = "<group>"; };
		950E04BEA0E087FD6D3BB31F /* fr */ = {isa = PBXFileReference; lastKnownFileType = text.plist.strings; name = fr; path = fr.lproj/InfoPlist.strings; sourceTree = "<group>"; };
		96FF4DC1712D7ABFEDF6B918 /* kanaTests.xctest */ = {isa = PBXFileReference; includeInIndex = 0; lastKnownFileType = wrapper.cfbundle; path = kanaTests.xctest; sourceTree = BUILT_PRODUCTS_DIR; };
		A15A74665E1AA2675FF2DA8F /* zh-Hans */ = {isa = PBXFileReference; lastKnownFileType = text.plist.strings; name = "zh-Hans"; path = "zh-Hans.lproj/Question.strings"; sourceTree = "<group>"; };
		A399CE3860C472A6CF6F19B4 /* AppDelegate.swift */ = {isa = PBXFileReference; lastKnownFileType = sourcecode.swift; path = AppDelegate.swift; sourceTree = "<group>"; };
		A455A39CC7E4222EBAAAF73B /* AppConfig.swift */ = {isa = PBXFileReference; lastKnownFileType = sourcecode.swift; path = AppConfig.swift; sourceTree = "<group>"; };
		A945C39FC4DA65C07EAAFDB3 /* KanaSectionColorReusableView.swift */ = {isa = PBXFileReference; lastKnownFileType = sourcecode.swift; path = KanaSectionColorReusableView.swift; sourceTree = "<group>"; };
		ACDFA032EE14D3BC1B9AA7FC /* StoreTests.swift */ = {isa = PBXFileReference; lastKnownFileType = sourcecode.swift; path = StoreTests.swift; sourceTree = "<group>"; };
		AEFE7F07707B5C8537AF9AD4 /* correct.wav */ = {isa = PBXFileReference; lastKnownFileType = audio.wav; path = correct.wav; sourceTree = "<group>"; };
		AF74362A7A8E8D23067BDD99 /* ja */ = {isa = PBXFileReference; lastKnownFileType = text.plist.strings; name = ja; path = ja.lproj/Localizable.strings; sourceTree = "<group>"; };
		B06060469EF601B2E0364AB3 /* fr */ = {isa = PBXFileReference; lastKnownFileType = text.plist.strings; name = fr; path = fr.lproj/LaunchScreen.strings; sourceTree = "<group>"; };
		B27311349464FB6CA86570AF /* zh-Hans */ = {isa = PBXFileReference; lastKnownFileType = text.plist.strings; name = "zh-Hans"; path = "zh-Hans.lproj/Kana.strings"; sourceTree = "<group>"; };
		B8FAFA8294F899E4DA296A13 /* KanaHeaderView.swift */ = {isa = PBXFileReference; lastKnownFileType = sourcecode.swift; path = KanaHeaderView.swift; sourceTree = "<group>"; };
		B936188F2791409D0561F03F /* MessageUI.framework */ = {isa = PBXFileReference; lastKnownFileType = wrapper.framework; name = MessageUI.framework; path = System/Library/Frameworks/MessageUI.framework; sourceTree = SDKROOT; };
		BA77C958492AAFCB03EDEEDE /* zh-Hans */ = {isa = PBXFileReference; lastKnownFileType = text.plist.strings; name = "zh-Hans"; path = "zh-Hans.lproj/Localizable.strings"; sourceTree = "<group>"; };
		BBE0D3C37DB3DE572E27F184 /* zh-Hans */ = {isa = PBXFileReference; lastKnownFileType = text.plist.strings; name = "zh-Hans"; path = "zh-Hans.lproj/InfoPlist.strings"; sourceTree = "<group>"; };
		BC511CCD31023AE168EF788B /* Base */ = {isa = PBXFileReference; lastKnownFileType = text.plist.strings; name = Base; path = Base.lproj/Localizable.strings; sourceTree = "<group>"; };
		BD5C52353A74672FB6FA287E /* ko */ = {isa = PBXFileReference; lastKnownFileType = text.plist.strings; name = ko; path = ko.lproj/Localizable.strings; sourceTree = "<group>"; };
		BEE5442BD14B0C4AA6E747D5 /* Base */ = {isa = PBXFileReference; lastKnownFileType = file.storyboard; name = Base; path = Base.lproj/Question.storyboard; sourceTree = "<group>"; };
		C173E449FA729C6419415DAE /* KanaHeaderView.xib */ = {isa = PBXFileReference; lastKnownFileType = file.xib; path = KanaHeaderView.xib; sourceTree = "<group>"; };
		C314DE8EE4999C59230222A4 /* es */ = {isa = PBXFileReference; lastKnownFileType = text.plist.strings; name = es; path = es.lproj/Localizable.strings; sourceTree = "<group>"; };
		C36A86CDE800D9556513A2E2 /* ja */ = {isa = PBXFileReference; lastKnownFileType = text.plist.strings; name = ja; path = ja.lproj/Question.strings; sourceTree = "<group>"; };
		C93822FACF0CA3B4D6FB1B41 /* es */ = {isa = PBXFileReference; lastKnownFileType = text.plist.strings; name = es; path = es.lproj/LaunchScreen.strings; sourceTree = "<group>"; };
		CAC3D390CCA9D7BE18EE5E00 /* Store.swift */ = {isa = PBXFileReference; lastKnownFileType = sourcecode.swift; path = Store.swift; sourceTree = "<group>"; };
		CEF673F4804D45B3C9BE8F46 /* AppTrackingTransparency.framework */ = {isa = PBXFileReference; lastKnownFileType = wrapper.framework; name = AppTrackingTransparency.framework; path = System/Library/Frameworks/AppTrackingTransparency.framework; sourceTree = SDKROOT; };
		D2C439FC6FC29AC2A4CDDD9E /* es */ = {isa = PBXFileReference; lastKnownFileType = text.plist.strings; name = es; path = es.lproj/InfoPlist.strings; sourceTree = "<group>"; };
		D83C4E59BDB7725C69A6BF03 /* StoreKitTest.framework */ = {isa = PBXFileReference; lastKnownFileType = wrapper.framework; name = StoreKitTest.framework; path = System/Library/Frameworks/StoreKitTest.framework; sourceTree = SDKROOT; };
		DB904A67637DDAA2A87626E1 /* de */ = {isa = PBXFileReference; lastKnownFileType = text.plist.strings; name = de; path = de.lproj/Localizable.strings; sourceTree = "<group>"; };
		DE108E4E3985B054AE218C88 /* Base */ = {isa = PBXFileReference; lastKnownFileType = file.storyboard; name = Base; path = Base.lproj/LaunchScreen.storyboard; sourceTree = "<group>"; };
		E1224E91871606CF51E48BA6 /* ko */ = {isa = PBXFileReference; lastKnownFileType = text.plist.strings; name = ko; path = ko.lproj/InfoPlist.strings; sourceTree = "<group>"; };
		E1A379276394D26B7518323F /* fr */ = {isa = PBXFileReference; lastKnownFileType = text.plist.strings; name = fr; path = fr.lproj/Kana.strings; sourceTree = "<group>"; };
		E67F9880FBE9E44568076454 /* KanaCell.xib */ = {isa = PBXFileReference; lastKnownFileType = file.xib; path = KanaCell.xib; sourceTree = "<group>"; };
		E8CA1F04F088626E54658361 /* es */ = {isa = PBXFileReference; lastKnownFileType = text.plist.strings; name = es; path = es.lproj/Kana.strings; sourceTree = "<group>"; };
		E8D3DE3C548C73990FD1A4F2 /* ja */ = {isa = PBXFileReference; lastKnownFileType = text.plist.strings; name = ja; path = ja.lproj/InfoPlist.strings; sourceTree = "<group>"; };
		ED21A7EA3416862C526251AB /* zh-Hant */ = {isa = PBXFileReference; lastKnownFileType = text.plist.strings; name = "zh-Hant"; path = "zh-Hant.lproj/Kana.strings"; sourceTree = "<group>"; };
		EE6A5C643C5DFF44CA4DA329 /* Assets.xcassets */ = {isa = PBXFileReference; lastKnownFileType = folder.assetcatalog; path = Assets.xcassets; sourceTree = "<group>"; };
		F88F1CF9856F89565FB2EA94 /* incorrect.wav */ = {isa = PBXFileReference; lastKnownFileType = audio.wav; path = incorrect.wav; sourceTree = "<group>"; };
		F988100CA169933B4AC9F05F /* AnswerCell.swift */ = {isa = PBXFileReference; lastKnownFileType = sourcecode.swift; path = AnswerCell.swift; sourceTree = "<group>"; };
		FA2CDEA7F12EE4D37ED034BB /* KanaCell.swift */ = {isa = PBXFileReference; lastKnownFileType = sourcecode.swift; path = KanaCell.swift; sourceTree = "<group>"; };
/* End PBXFileReference section */

/* Begin PBXFrameworksBuildPhase section */
		E70824D69FB85A8AFEF66913 /* Frameworks */ = {
			isa = PBXFrameworksBuildPhase;
			buildActionMask = 2147483647;
			files = (
				EB8E6A24DCCB5B84204170E5 /* StoreKitTest.framework in Frameworks */,
			);
			runOnlyForDeploymentPostprocessing = 0;
		};
		FD04F1DAB7EEEE1702DD4062 /* Frameworks */ = {
			isa = PBXFrameworksBuildPhase;
			buildActionMask = 2147483647;
			files = (
				F3F757A4BECBBF27113B8774 /* GoogleMobileAds in Frameworks */,
				A17E2B9D2DBA4C264D9EE176 /* GoogleUserMessagingPlatform in Frameworks */,
				502E274E90D1BA0BA36E65C9 /* FirebaseAnalytics in Frameworks */,
				D6F03D2F9CBFBA278ECD1081 /* StoreKit.framework in Frameworks */,
				DC252E076BA007788BE06995 /* AppTrackingTransparency.framework in Frameworks */,
				B0B2B368BEA30709E1A8C3AB /* MessageUI.framework in Frameworks */,
				2325C411BE31B613E2B84EDA /* AVFoundation.framework in Frameworks */,
			);
			runOnlyForDeploymentPostprocessing = 0;
		};
/* End PBXFrameworksBuildPhase section */

/* Begin PBXGroup section */
		11B059F10F5130E18CD439F2 /* views */ = {
			isa = PBXGroup;
			children = (
				466112654934D7F3EA8CD9A5 /* cells */,
				583B4086D7876AE2D63B381A /* layouts */,
			);
			path = views;
			sourceTree = "<group>";
		};
		13CF640A1820ABC0B799989A /* services */ = {
			isa = PBXGroup;
			children = (
				4E1A4C557E712F0E458DFB02 /* AdsManager.swift */,
				CAC3D390CCA9D7BE18EE5E00 /* Store.swift */,
			);
			path = services;
			sourceTree = "<group>";
		};
		1B685BB3870F4CB9CA84932C /* kanaUITests */ = {
			isa = PBXGroup;
			children = (
				7D02949F9F73A215C8F29204 /* KanaUITests.swift */,
				637CB105B414C641DB76A29C /* StoreScreenshotTests.swift */,
			);
			path = kanaUITests;
			sourceTree = "<group>";
		};
		374C194BE6E2B745F7E3958D /* extensions */ = {
			isa = PBXGroup;
			children = (
				3AF62BE43D81292CC83689D4 /* Double+Kana.swift */,
				5D4349CE46B777242EF71177 /* String+Kana.swift */,
				4F38343061359A3A798BF576 /* UIColor+Kana.swift */,
			);
			path = extensions;
			sourceTree = "<group>";
		};
		466112654934D7F3EA8CD9A5 /* cells */ = {
			isa = PBXGroup;
			children = (
				F988100CA169933B4AC9F05F /* AnswerCell.swift */,
				26372ABC5CCAEEAF89FB645A /* AnswerCell.xib */,
				FA2CDEA7F12EE4D37ED034BB /* KanaCell.swift */,
				E67F9880FBE9E44568076454 /* KanaCell.xib */,
				B8FAFA8294F899E4DA296A13 /* KanaHeaderView.swift */,
				C173E449FA729C6419415DAE /* KanaHeaderView.xib */,
			);
			path = cells;
			sourceTree = "<group>";
		};
		4BB22EE48053AE901E7058DA /* configs */ = {
			isa = PBXGroup;
			children = (
				A455A39CC7E4222EBAAAF73B /* AppConfig.swift */,
			);
			path = configs;
			sourceTree = "<group>";
		};
		5344BEB0919FBDEC7FFC9B2D /* Products */ = {
			isa = PBXGroup;
			children = (
				13D79CA61AF7D26E97F9DA82 /* kana.app */,
				96FF4DC1712D7ABFEDF6B918 /* kanaTests.xctest */,
				288A8EFBA43D268AA4219620 /* kanaUITests.xctest */,
			);
			name = Products;
			sourceTree = "<group>";
		};
		583B4086D7876AE2D63B381A /* layouts */ = {
			isa = PBXGroup;
			children = (
				696AB297BB0B39D5B97D757C /* KanaFlowLayout.swift */,
				34CA63CCAD16C895783ACC11 /* KanaLayoutAttributes.swift */,
				A945C39FC4DA65C07EAAFDB3 /* KanaSectionColorReusableView.swift */,
				83434FD973ACDF6105E78620 /* MenuViewController.swift */,
			);
			path = layouts;
			sourceTree = "<group>";
		};
		620585BF86F97433E951D66D = {
			isa = PBXGroup;
			children = (
				2E0A4465F4244DF5C464DF40 /* Configuration.storekit */,
				8BB60A1686DB30EDD4DC0BE1 /* kana */,
				970CC1101FCB5940F4D2229A /* kanaTests */,
				1B685BB3870F4CB9CA84932C /* kanaUITests */,
				754B78B9BFBA20EDFACC92CE /* Frameworks */,
				5344BEB0919FBDEC7FFC9B2D /* Products */,
			);
			sourceTree = "<group>";
		};
		649BF8E47AD0F868CEFE8026 /* fonts */ = {
			isa = PBXGroup;
			children = (
				2C062B921BBABC9C8D6E4763 /* Hosohuwafont.ttf */,
			);
			path = fonts;
			sourceTree = "<group>";
		};
		754B78B9BFBA20EDFACC92CE /* Frameworks */ = {
			isa = PBXGroup;
			children = (
				CEF673F4804D45B3C9BE8F46 /* AppTrackingTransparency.framework */,
				7A71B0F406839931DCEF6401 /* AVFoundation.framework */,
				B936188F2791409D0561F03F /* MessageUI.framework */,
				0CFB585B6AD5F2A889634779 /* StoreKit.framework */,
				D83C4E59BDB7725C69A6BF03 /* StoreKitTest.framework */,
			);
			name = Frameworks;
			sourceTree = "<group>";
		};
		8BB60A1686DB30EDD4DC0BE1 /* kana */ = {
			isa = PBXGroup;
			children = (
				A399CE3860C472A6CF6F19B4 /* AppDelegate.swift */,
				EE6A5C643C5DFF44CA4DA329 /* Assets.xcassets */,
				8F377374968FF116E20FFBE6 /* GoogleService-Info.plist */,
				1BAEE85C268D00F9228AB807 /* KanaViewController.swift */,
				260E2F0288A6CD7A9D469F6B /* QuestionController.swift */,
				6CE8047557008CB1B26037CA /* SceneDelegate.swift */,
				4BB22EE48053AE901E7058DA /* configs */,
				374C194BE6E2B745F7E3958D /* extensions */,
				56917E91A9EA07968EF1F063 /* InfoPlist.strings */,
				CD55E24C97884047DFFF5298 /* Kana.storyboard */,
				6C8549D6FA70E0FB9D49DE8D /* LaunchScreen.storyboard */,
				2EDF7CE5626D165E167F9D68 /* Localizable.strings */,
				FB1BDAC5EE6145223DB422E8 /* models */,
				9F92538579AD46FE0C3E1489 /* Question.storyboard */,
				CFFD3D2F55ED344769AD8A72 /* resources */,
				13CF640A1820ABC0B799989A /* services */,
				11B059F10F5130E18CD439F2 /* views */,
			);
			path = kana;
			sourceTree = "<group>";
		};
		970CC1101FCB5940F4D2229A /* kanaTests */ = {
			isa = PBXGroup;
			children = (
				3F7AD24D402DD2823B92CA11 /* StatStoreTests.swift */,
				ACDFA032EE14D3BC1B9AA7FC /* StoreTests.swift */,
			);
			path = kanaTests;
			sourceTree = "<group>";
		};
		9AAAEFF6E249AE8DDCADED7E /* sound */ = {
			isa = PBXGroup;
			children = (
				AEFE7F07707B5C8537AF9AD4 /* correct.wav */,
				F88F1CF9856F89565FB2EA94 /* incorrect.wav */,
			);
			path = sound;
			sourceTree = "<group>";
		};
		CFFD3D2F55ED344769AD8A72 /* resources */ = {
			isa = PBXGroup;
			children = (
				649BF8E47AD0F868CEFE8026 /* fonts */,
				9AAAEFF6E249AE8DDCADED7E /* sound */,
			);
			path = resources;
			sourceTree = "<group>";
		};
		FB1BDAC5EE6145223DB422E8 /* models */ = {
			isa = PBXGroup;
			children = (
				491D1128D355D4266BD9E378 /* StatStore.swift */,
			);
			path = models;
			sourceTree = "<group>";
		};
/* End PBXGroup section */

/* Begin PBXNativeTarget section */
		0030962E6E8C7F477182DF57 /* kanaUITests */ = {
			isa = PBXNativeTarget;
			buildConfigurationList = CF5FA32F439E955403B5B80A /* Build configuration list for PBXNativeTarget "kanaUITests" */;
			buildPhases = (
				3E2F5C8CE109FD7B69E400C6 /* Sources */,
			);
			buildRules = (
			);
			dependencies = (
				A6580F3EBD43AEFD0986E6C8 /* PBXTargetDependency */,
			);
			name = kanaUITests;
			packageProductDependencies = (
			);
			productName = kanaUITests;
			productReference = 288A8EFBA43D268AA4219620 /* kanaUITests.xctest */;
			productType = "com.apple.product-type.bundle.ui-testing";
		};
		4691941132EE193F94E07957 /* kana */ = {
			isa = PBXNativeTarget;
			buildConfigurationList = 6D960C0CD166443C8994E349 /* Build configuration list for PBXNativeTarget "kana" */;
			buildPhases = (
				11504786D4DC50A82982395D /* Sources */,
				DB65C5DA56A99B849E22B307 /* Resources */,
				FD04F1DAB7EEEE1702DD4062 /* Frameworks */,
			);
			buildRules = (
			);
			dependencies = (
			);
			name = kana;
			packageProductDependencies = (
				2DF2CED1C33D674C0B999956 /* GoogleMobileAds */,
				F98A5A1CA64AFF5560A2EAB3 /* GoogleUserMessagingPlatform */,
				6273B8EAD78DEE7E8C2E5F1C /* FirebaseAnalytics */,
			);
			productName = kana;
			productReference = 13D79CA61AF7D26E97F9DA82 /* kana.app */;
			productType = "com.apple.product-type.application";
		};
		81DF4D5A8323B19420F5969C /* kanaTests */ = {
			isa = PBXNativeTarget;
			buildConfigurationList = C05A2429B0648D713E85B412 /* Build configuration list for PBXNativeTarget "kanaTests" */;
			buildPhases = (
				F6FA85559925293E4BE8500D /* Sources */,
				4A7DEC584EFBD28B446AEF59 /* Resources */,
				E70824D69FB85A8AFEF66913 /* Frameworks */,
			);
			buildRules = (
			);
			dependencies = (
				EDDEDD7E8F108CA16B24435A /* PBXTargetDependency */,
			);
			name = kanaTests;
			packageProductDependencies = (
			);
			productName = kanaTests;
			productReference = 96FF4DC1712D7ABFEDF6B918 /* kanaTests.xctest */;
			productType = "com.apple.product-type.bundle.unit-test";
		};
/* End PBXNativeTarget section */

/* Begin PBXProject section */
		AE8E4DA0D29E3CB5F56C2B0A /* Project object */ = {
			isa = PBXProject;
			attributes = {
				BuildIndependentTargetsInParallel = YES;
				LastUpgradeCheck = 2700;
				TargetAttributes = {
					0030962E6E8C7F477182DF57 = {
						DevelopmentTeam = 72T2SXUWHC;
						ProvisioningStyle = Automatic;
						TestTargetID = 4691941132EE193F94E07957;
					};
					4691941132EE193F94E07957 = {
						DevelopmentTeam = 72T2SXUWHC;
						ProvisioningStyle = Automatic;
					};
					81DF4D5A8323B19420F5969C = {
						DevelopmentTeam = 72T2SXUWHC;
						ProvisioningStyle = Automatic;
					};
				};
			};
			buildConfigurationList = E2FEB42FB326DF8AEE331C63 /* Build configuration list for PBXProject "kana" */;
			developmentRegion = en;
			hasScannedForEncodings = 0;
			knownRegions = (
				Base,
				de,
				en,
				es,
				fr,
				ja,
				ko,
				"zh-Hans",
				"zh-Hant",
			);
			mainGroup = 620585BF86F97433E951D66D;
			minimizedProjectReferenceProxies = 1;
			packageReferences = (
				AFA7DC25F2237B6A4C4AE69C /* XCRemoteSwiftPackageReference "firebase-ios-sdk" */,
				270C2898B10D37FFFD4FB797 /* XCRemoteSwiftPackageReference "swift-package-manager-google-mobile-ads" */,
				B4637A6971BA7F188946805E /* XCRemoteSwiftPackageReference "swift-package-manager-google-user-messaging-platform" */,
			);
			preferredProjectObjectVersion = 77;
			productRefGroup = 5344BEB0919FBDEC7FFC9B2D /* Products */;
			projectDirPath = "";
			projectRoot = "";
			targets = (
				4691941132EE193F94E07957 /* kana */,
				81DF4D5A8323B19420F5969C /* kanaTests */,
				0030962E6E8C7F477182DF57 /* kanaUITests */,
			);
		};
/* End PBXProject section */

/* Begin PBXResourcesBuildPhase section */
		4A7DEC584EFBD28B446AEF59 /* Resources */ = {
			isa = PBXResourcesBuildPhase;
			buildActionMask = 2147483647;
			files = (
				88F9A2D8A44046A8E08B7502 /* Configuration.storekit in Resources */,
			);
			runOnlyForDeploymentPostprocessing = 0;
		};
		DB65C5DA56A99B849E22B307 /* Resources */ = {
			isa = PBXResourcesBuildPhase;
			buildActionMask = 2147483647;
			files = (
				D1D4FA713BEFDF5DC1B3DD5C /* AnswerCell.xib in Resources */,
				7D1A13DAE4B49690D322D707 /* Assets.xcassets in Resources */,
				CD43A75DF1FE1F6510B48EAE /* GoogleService-Info.plist in Resources */,
				6E658D44550DD7C16ED46CF7 /* Hosohuwafont.ttf in Resources */,
				1816ADA672743E79D2AB173E /* InfoPlist.strings in Resources */,
				19841A17E3BFB2477C274FF8 /* Kana.storyboard in Resources */,
				124F4E482BB41BCCC0E4D12E /* KanaCell.xib in Resources */,
				A39E3458ECAEA71924FFFE92 /* KanaHeaderView.xib in Resources */,
				69028264C92CA27121E02F3F /* LaunchScreen.storyboard in Resources */,
				5721CE2B7B9F6CBA4BD16B9D /* Localizable.strings in Resources */,
				9737A6F0D9BCB8FF5955E7F8 /* Question.storyboard in Resources */,
				3FCAC5B1CC0A6EEB0E4D8C69 /* correct.wav in Resources */,
				857091DC92C1BB5159A6BACB /* incorrect.wav in Resources */,
			);
			runOnlyForDeploymentPostprocessing = 0;
		};
/* End PBXResourcesBuildPhase section */

/* Begin PBXSourcesBuildPhase section */
		11504786D4DC50A82982395D /* Sources */ = {
			isa = PBXSourcesBuildPhase;
			buildActionMask = 2147483647;
			files = (
				5AF9F3DCE1DDD1ED3DE2340E /* AdsManager.swift in Sources */,
				F703375744466570246A162A /* AnswerCell.swift in Sources */,
				B0A1E0FD5A13CBFB95726A32 /* AppConfig.swift in Sources */,
				F4DDF6EB9648670205246D0C /* AppDelegate.swift in Sources */,
				6CC1C6BEBFAEABBB6EA939DC /* Double+Kana.swift in Sources */,
				698395C24FBDCC8E4943D29B /* KanaCell.swift in Sources */,
				5CFB43D971B03A856FBC5D3D /* KanaFlowLayout.swift in Sources */,
				1CFF43C29346F07C1E5F7A03 /* KanaHeaderView.swift in Sources */,
				594F26DCEDBE4944D22562C2 /* KanaLayoutAttributes.swift in Sources */,
				26072040E25E8FB20136D77A /* KanaSectionColorReusableView.swift in Sources */,
				9D304E425B659F297CF98D8F /* KanaViewController.swift in Sources */,
				ABB698CF82C7AFA443338FC6 /* MenuViewController.swift in Sources */,
				A15D24796DA675079FA69874 /* QuestionController.swift in Sources */,
				948C4B7893C85419D7B714AB /* SceneDelegate.swift in Sources */,
				E9CE0D9EE6137A3C98CABF14 /* StatStore.swift in Sources */,
				14676EAFC23FE582DD70F4FF /* Store.swift in Sources */,
				2096FBAD7D4D29C71FDE9B6B /* String+Kana.swift in Sources */,
				4F5B29E3AB82D73F15F91735 /* UIColor+Kana.swift in Sources */,
			);
			runOnlyForDeploymentPostprocessing = 0;
		};
		3E2F5C8CE109FD7B69E400C6 /* Sources */ = {
			isa = PBXSourcesBuildPhase;
			buildActionMask = 2147483647;
			files = (
				B9FED4E01CE5137AF3C54EEE /* KanaUITests.swift in Sources */,
				BA0B5371700CC86D49B1AEBF /* StoreScreenshotTests.swift in Sources */,
			);
			runOnlyForDeploymentPostprocessing = 0;
		};
		F6FA85559925293E4BE8500D /* Sources */ = {
			isa = PBXSourcesBuildPhase;
			buildActionMask = 2147483647;
			files = (
				988CDF4E3C8359274B7FB932 /* StatStoreTests.swift in Sources */,
				79AD5258B159122063982F10 /* StoreTests.swift in Sources */,
			);
			runOnlyForDeploymentPostprocessing = 0;
		};
/* End PBXSourcesBuildPhase section */

/* Begin PBXTargetDependency section */
		A6580F3EBD43AEFD0986E6C8 /* PBXTargetDependency */ = {
			isa = PBXTargetDependency;
			target = 4691941132EE193F94E07957 /* kana */;
			targetProxy = 3CBE09E4AD8E5C9F5352BFE6 /* PBXContainerItemProxy */;
		};
		EDDEDD7E8F108CA16B24435A /* PBXTargetDependency */ = {
			isa = PBXTargetDependency;
			target = 4691941132EE193F94E07957 /* kana */;
			targetProxy = 10CADD9723348F1A9F079FA3 /* PBXContainerItemProxy */;
		};
/* End PBXTargetDependency section */

/* Begin PBXVariantGroup section */
		2EDF7CE5626D165E167F9D68 /* Localizable.strings */ = {
			isa = PBXVariantGroup;
			children = (
				BC511CCD31023AE168EF788B /* Base */,
				DB904A67637DDAA2A87626E1 /* de */,
				6C244E06EAFE42C801C0AC75 /* en */,
				C314DE8EE4999C59230222A4 /* es */,
				175AE19A9BD5671ED78FCEC5 /* fr */,
				AF74362A7A8E8D23067BDD99 /* ja */,
				BD5C52353A74672FB6FA287E /* ko */,
				BA77C958492AAFCB03EDEEDE /* zh-Hans */,
				4A746606257C990DBECB490E /* zh-Hant */,
			);
			name = Localizable.strings;
			sourceTree = "<group>";
		};
		56917E91A9EA07968EF1F063 /* InfoPlist.strings */ = {
			isa = PBXVariantGroup;
			children = (
				4AD56D8079FF41380B596855 /* Base */,
				05A1F90E415E7907102F6557 /* de */,
				5CB1C4190A7692BC05E24699 /* en */,
				D2C439FC6FC29AC2A4CDDD9E /* es */,
				950E04BEA0E087FD6D3BB31F /* fr */,
				E8D3DE3C548C73990FD1A4F2 /* ja */,
				E1224E91871606CF51E48BA6 /* ko */,
				BBE0D3C37DB3DE572E27F184 /* zh-Hans */,
				7F9E2D7743360024017D93A2 /* zh-Hant */,
			);
			name = InfoPlist.strings;
			sourceTree = "<group>";
		};
		6C8549D6FA70E0FB9D49DE8D /* LaunchScreen.storyboard */ = {
			isa = PBXVariantGroup;
			children = (
				DE108E4E3985B054AE218C88 /* Base */,
				6D6A2FFEAE642F7D1CF91B3B /* de */,
				C93822FACF0CA3B4D6FB1B41 /* es */,
				B06060469EF601B2E0364AB3 /* fr */,
				845E305601E78347E2C82AE4 /* ja */,
				4A9BC2F060BC13304430BB92 /* ko */,
				74C6BC34BDF7625B130E4E48 /* zh-Hans */,
				0405D38216DA013938E8E953 /* zh-Hant */,
			);
			name = LaunchScreen.storyboard;
			sourceTree = "<group>";
		};
		9F92538579AD46FE0C3E1489 /* Question.storyboard */ = {
			isa = PBXVariantGroup;
			children = (
				BEE5442BD14B0C4AA6E747D5 /* Base */,
				54684617CBD0C9914B9C220F /* de */,
				8F11FD04BFCC8D665675706F /* es */,
				9238B7519A7CC2551D276588 /* fr */,
				C36A86CDE800D9556513A2E2 /* ja */,
				52E9FBA684899C4C1A30AC13 /* ko */,
				A15A74665E1AA2675FF2DA8F /* zh-Hans */,
				366651BAAB08BAC2221D4768 /* zh-Hant */,
			);
			name = Question.storyboard;
			sourceTree = "<group>";
		};
		CD55E24C97884047DFFF5298 /* Kana.storyboard */ = {
			isa = PBXVariantGroup;
			children = (
				682CA4CC88228BA029469EF9 /* Base */,
				27BC57696C80700181DD8E9A /* de */,
				E8CA1F04F088626E54658361 /* es */,
				E1A379276394D26B7518323F /* fr */,
				66680FCCE35D48154B04AD37 /* ja */,
				29BE5622846AF0FC14C39C2A /* ko */,
				B27311349464FB6CA86570AF /* zh-Hans */,
				ED21A7EA3416862C526251AB /* zh-Hant */,
			);
			name = Kana.storyboard;
			sourceTree = "<group>";
		};
/* End PBXVariantGroup section */

/* Begin XCBuildConfiguration section */
		2BDC4CD9C45BF2AD8A39407A /* Debug */ = {
			isa = XCBuildConfiguration;
			buildSettings = {
				BUNDLE_LOADER = "$(TEST_HOST)";
				LD_RUNPATH_SEARCH_PATHS = (
					"$(inherited)",
					"@executable_path/Frameworks",
					"@loader_path/Frameworks",
				);
				PRODUCT_BUNDLE_IDENTIFIER = com.salmonapps.app.kanaUITests;
				SDKROOT = iphoneos;
				TARGETED_DEVICE_FAMILY = "1,2";
				TEST_TARGET_NAME = kana;
			};
			name = Debug;
		};
		3423FF9A917A703A1FC89575 /* Release */ = {
			isa = XCBuildConfiguration;
			buildSettings = {
				BUNDLE_LOADER = "$(TEST_HOST)";
				LD_RUNPATH_SEARCH_PATHS = (
					"$(inherited)",
					"@executable_path/Frameworks",
					"@loader_path/Frameworks",
				);
				PRODUCT_BUNDLE_IDENTIFIER = com.salmonapps.app.kanaUITests;
				SDKROOT = iphoneos;
				TARGETED_DEVICE_FAMILY = "1,2";
				TEST_TARGET_NAME = kana;
			};
			name = Release;
		};
		3DE6219D22C9D56E55288B37 /* Debug */ = {
			isa = XCBuildConfiguration;
			buildSettings = {
				ASSETCATALOG_COMPILER_APPICON_NAME = AppIcon;
				CODE_SIGN_IDENTITY = "iPhone Developer";
				GENERATE_INFOPLIST_FILE = NO;
				INFOPLIST_FILE = kana/Info.plist;
				LD_RUNPATH_SEARCH_PATHS = (
					"$(inherited)",
					"@executable_path/Frameworks",
				);
				PRODUCT_BUNDLE_IDENTIFIER = com.salmonapps.app.kana;
				SDKROOT = iphoneos;
				TARGETED_DEVICE_FAMILY = "1,2";
			};
			name = Debug;
		};
		3EF674DA2EBCBAAC340B6177 /* Release */ = {
			isa = XCBuildConfiguration;
			buildSettings = {
				BUNDLE_LOADER = "$(TEST_HOST)";
				LD_RUNPATH_SEARCH_PATHS = (
					"$(inherited)",
					"@executable_path/Frameworks",
					"@loader_path/Frameworks",
				);
				PRODUCT_BUNDLE_IDENTIFIER = com.salmonapps.app.kanaTests;
				SDKROOT = iphoneos;
				TARGETED_DEVICE_FAMILY = "1,2";
				TEST_HOST = "$(BUILT_PRODUCTS_DIR)/kana.app/kana";
			};
			name = Release;
		};
		68C8E11C4FA6ABDB5D1E6645 /* Release */ = {
			isa = XCBuildConfiguration;
			buildSettings = {
				ASSETCATALOG_COMPILER_APPICON_NAME = AppIcon;
				CODE_SIGN_IDENTITY = "iPhone Developer";
				GENERATE_INFOPLIST_FILE = NO;
				INFOPLIST_FILE = kana/Info.plist;
				LD_RUNPATH_SEARCH_PATHS = (
					"$(inherited)",
					"@executable_path/Frameworks",
				);
				PRODUCT_BUNDLE_IDENTIFIER = com.salmonapps.app.kana;
				SDKROOT = iphoneos;
				TARGETED_DEVICE_FAMILY = "1,2";
			};
			name = Release;
		};
		886E9DF2E556CCB9FDD53977 /* Release */ = {
			isa = XCBuildConfiguration;
			buildSettings = {
				ALWAYS_SEARCH_USER_PATHS = NO;
				CLANG_ANALYZER_NONNULL = YES;
				CLANG_ANALYZER_NUMBER_OBJECT_CONVERSION = YES_AGGRESSIVE;
				CLANG_CXX_LANGUAGE_STANDARD = "gnu++14";
				CLANG_CXX_LIBRARY = "libc++";
				CLANG_ENABLE_MODULES = YES;
				CLANG_ENABLE_OBJC_ARC = YES;
				CLANG_ENABLE_OBJC_WEAK = YES;
				CLANG_WARN_BLOCK_CAPTURE_AUTORELEASING = YES;
				CLANG_WARN_BOOL_CONVERSION = YES;
				CLANG_WARN_COMMA = YES;
				CLANG_WARN_CONSTANT_CONVERSION = YES;
				CLANG_WARN_DEPRECATED_OBJC_IMPLEMENTATIONS = YES;
				CLANG_WARN_DIRECT_OBJC_ISA_USAGE = YES_ERROR;
				CLANG_WARN_DOCUMENTATION_COMMENTS = YES;
				CLANG_WARN_EMPTY_BODY = YES;
				CLANG_WARN_ENUM_CONVERSION = YES;
				CLANG_WARN_INFINITE_RECURSION = YES;
				CLANG_WARN_INT_CONVERSION = YES;
				CLANG_WARN_NON_LITERAL_NULL_CONVERSION = YES;
				CLANG_WARN_OBJC_IMPLICIT_RETAIN_SELF = YES;
				CLANG_WARN_OBJC_LITERAL_CONVERSION = YES;
				CLANG_WARN_OBJC_ROOT_CLASS = YES_ERROR;
				CLANG_WARN_QUOTED_INCLUDE_IN_FRAMEWORK_HEADER = YES;
				CLANG_WARN_RANGE_LOOP_ANALYSIS = YES;
				CLANG_WARN_STRICT_PROTOTYPES = YES;
				CLANG_WARN_SUSPICIOUS_MOVE = YES;
				CLANG_WARN_UNGUARDED_AVAILABILITY = YES_AGGRESSIVE;
				CLANG_WARN_UNREACHABLE_CODE = YES;
				CLANG_WARN__DUPLICATE_METHOD_MATCH = YES;
				CODE_SIGN_STYLE = Automatic;
				COPY_PHASE_STRIP = NO;
				CURRENT_PROJECT_VERSION = 15;
				DEBUG_INFORMATION_FORMAT = "dwarf-with-dsym";
				DEVELOPMENT_TEAM = 72T2SXUWHC;
				ENABLE_NS_ASSERTIONS = NO;
				ENABLE_STRICT_OBJC_MSGSEND = YES;
				GCC_C_LANGUAGE_STANDARD = gnu11;
				GCC_NO_COMMON_BLOCKS = YES;
				GCC_WARN_64_TO_32_BIT_CONVERSION = YES;
				GCC_WARN_ABOUT_RETURN_TYPE = YES_ERROR;
				GCC_WARN_UNDECLARED_SELECTOR = YES;
				GCC_WARN_UNINITIALIZED_AUTOS = YES_AGGRESSIVE;
				GCC_WARN_UNUSED_FUNCTION = YES;
				GCC_WARN_UNUSED_VARIABLE = YES;
				IPHONEOS_DEPLOYMENT_TARGET = 15.0;
				MARKETING_VERSION = 1.1.0;
				MTL_ENABLE_DEBUG_INFO = NO;
				MTL_FAST_MATH = YES;
				OTHER_LDFLAGS = "-ObjC";
				PRODUCT_NAME = "$(TARGET_NAME)";
				SDKROOT = iphoneos;
				SWIFT_COMPILATION_MODE = wholemodule;
				SWIFT_OPTIMIZATION_LEVEL = "-O";
				SWIFT_VERSION = 5.0;
				TARGETED_DEVICE_FAMILY = "1,2";
			};
			name = Release;
		};
		89C5D8907702D234CC98248C /* Debug */ = {
			isa = XCBuildConfiguration;
			buildSettings = {
				ALWAYS_SEARCH_USER_PATHS = NO;
				CLANG_ANALYZER_NONNULL = YES;
				CLANG_ANALYZER_NUMBER_OBJECT_CONVERSION = YES_AGGRESSIVE;
				CLANG_CXX_LANGUAGE_STANDARD = "gnu++14";
				CLANG_CXX_LIBRARY = "libc++";
				CLANG_ENABLE_MODULES = YES;
				CLANG_ENABLE_OBJC_ARC = YES;
				CLANG_ENABLE_OBJC_WEAK = YES;
				CLANG_WARN_BLOCK_CAPTURE_AUTORELEASING = YES;
				CLANG_WARN_BOOL_CONVERSION = YES;
				CLANG_WARN_COMMA = YES;
				CLANG_WARN_CONSTANT_CONVERSION = YES;
				CLANG_WARN_DEPRECATED_OBJC_IMPLEMENTATIONS = YES;
				CLANG_WARN_DIRECT_OBJC_ISA_USAGE = YES_ERROR;
				CLANG_WARN_DOCUMENTATION_COMMENTS = YES;
				CLANG_WARN_EMPTY_BODY = YES;
				CLANG_WARN_ENUM_CONVERSION = YES;
				CLANG_WARN_INFINITE_RECURSION = YES;
				CLANG_WARN_INT_CONVERSION = YES;
				CLANG_WARN_NON_LITERAL_NULL_CONVERSION = YES;
				CLANG_WARN_OBJC_IMPLICIT_RETAIN_SELF = YES;
				CLANG_WARN_OBJC_LITERAL_CONVERSION = YES;
				CLANG_WARN_OBJC_ROOT_CLASS = YES_ERROR;
				CLANG_WARN_QUOTED_INCLUDE_IN_FRAMEWORK_HEADER = YES;
				CLANG_WARN_RANGE_LOOP_ANALYSIS = YES;
				CLANG_WARN_STRICT_PROTOTYPES = YES;
				CLANG_WARN_SUSPICIOUS_MOVE = YES;
				CLANG_WARN_UNGUARDED_AVAILABILITY = YES_AGGRESSIVE;
				CLANG_WARN_UNREACHABLE_CODE = YES;
				CLANG_WARN__DUPLICATE_METHOD_MATCH = YES;
				CODE_SIGN_STYLE = Automatic;
				COPY_PHASE_STRIP = NO;
				CURRENT_PROJECT_VERSION = 15;
				DEBUG_INFORMATION_FORMAT = dwarf;
				DEVELOPMENT_TEAM = 72T2SXUWHC;
				ENABLE_STRICT_OBJC_MSGSEND = YES;
				ENABLE_TESTABILITY = YES;
				GCC_C_LANGUAGE_STANDARD = gnu11;
				GCC_DYNAMIC_NO_PIC = NO;
				GCC_NO_COMMON_BLOCKS = YES;
				GCC_OPTIMIZATION_LEVEL = 0;
				GCC_PREPROCESSOR_DEFINITIONS = (
					"$(inherited)",
					"DEBUG=1",
				);
				GCC_WARN_64_TO_32_BIT_CONVERSION = YES;
				GCC_WARN_ABOUT_RETURN_TYPE = YES_ERROR;
				GCC_WARN_UNDECLARED_SELECTOR = YES;
				GCC_WARN_UNINITIALIZED_AUTOS = YES_AGGRESSIVE;
				GCC_WARN_UNUSED_FUNCTION = YES;
				GCC_WARN_UNUSED_VARIABLE = YES;
				IPHONEOS_DEPLOYMENT_TARGET = 15.0;
				MARKETING_VERSION = 1.1.0;
				MTL_ENABLE_DEBUG_INFO = INCLUDE_SOURCE;
				MTL_FAST_MATH = YES;
				ONLY_ACTIVE_ARCH = YES;
				OTHER_LDFLAGS = "-ObjC";
				PRODUCT_NAME = "$(TARGET_NAME)";
				SDKROOT = iphoneos;
				SWIFT_ACTIVE_COMPILATION_CONDITIONS = DEBUG;
				SWIFT_OPTIMIZATION_LEVEL = "-Onone";
				SWIFT_VERSION = 5.0;
				TARGETED_DEVICE_FAMILY = "1,2";
			};
			name = Debug;
		};
		93737FD026819A793E151FCD /* Debug */ = {
			isa = XCBuildConfiguration;
			buildSettings = {
				BUNDLE_LOADER = "$(TEST_HOST)";
				LD_RUNPATH_SEARCH_PATHS = (
					"$(inherited)",
					"@executable_path/Frameworks",
					"@loader_path/Frameworks",
				);
				PRODUCT_BUNDLE_IDENTIFIER = com.salmonapps.app.kanaTests;
				SDKROOT = iphoneos;
				TARGETED_DEVICE_FAMILY = "1,2";
				TEST_HOST = "$(BUILT_PRODUCTS_DIR)/kana.app/kana";
			};
			name = Debug;
		};
/* End XCBuildConfiguration section */

/* Begin XCConfigurationList section */
		6D960C0CD166443C8994E349 /* Build configuration list for PBXNativeTarget "kana" */ = {
			isa = XCConfigurationList;
			buildConfigurations = (
				3DE6219D22C9D56E55288B37 /* Debug */,
				68C8E11C4FA6ABDB5D1E6645 /* Release */,
			);
			defaultConfigurationIsVisible = 0;
			defaultConfigurationName = Release;
		};
		C05A2429B0648D713E85B412 /* Build configuration list for PBXNativeTarget "kanaTests" */ = {
			isa = XCConfigurationList;
			buildConfigurations = (
				93737FD026819A793E151FCD /* Debug */,
				3EF674DA2EBCBAAC340B6177 /* Release */,
			);
			defaultConfigurationIsVisible = 0;
			defaultConfigurationName = Release;
		};
		CF5FA32F439E955403B5B80A /* Build configuration list for PBXNativeTarget "kanaUITests" */ = {
			isa = XCConfigurationList;
			buildConfigurations = (
				2BDC4CD9C45BF2AD8A39407A /* Debug */,
				3423FF9A917A703A1FC89575 /* Release */,
			);
			defaultConfigurationIsVisible = 0;
			defaultConfigurationName = Release;
		};
		E2FEB42FB326DF8AEE331C63 /* Build configuration list for PBXProject "kana" */ = {
			isa = XCConfigurationList;
			buildConfigurations = (
				89C5D8907702D234CC98248C /* Debug */,
				886E9DF2E556CCB9FDD53977 /* Release */,
			);
			defaultConfigurationIsVisible = 0;
			defaultConfigurationName = Release;
		};
/* End XCConfigurationList section */

/* Begin XCRemoteSwiftPackageReference section */
		270C2898B10D37FFFD4FB797 /* XCRemoteSwiftPackageReference "swift-package-manager-google-mobile-ads" */ = {
			isa = XCRemoteSwiftPackageReference;
			repositoryURL = "https://github.com/googleads/swift-package-manager-google-mobile-ads.git";
			requirement = {
				kind = upToNextMajorVersion;
				minimumVersion = 13.10.0;
			};
		};
		AFA7DC25F2237B6A4C4AE69C /* XCRemoteSwiftPackageReference "firebase-ios-sdk" */ = {
			isa = XCRemoteSwiftPackageReference;
			repositoryURL = "https://github.com/firebase/firebase-ios-sdk.git";
			requirement = {
				kind = upToNextMajorVersion;
				minimumVersion = 12.19.2;
			};
		};
		B4637A6971BA7F188946805E /* XCRemoteSwiftPackageReference "swift-package-manager-google-user-messaging-platform" */ = {
			isa = XCRemoteSwiftPackageReference;
			repositoryURL = "https://github.com/googleads/swift-package-manager-google-user-messaging-platform.git";
			requirement = {
				kind = upToNextMajorVersion;
				minimumVersion = 3.1.0;
			};
		};
/* End XCRemoteSwiftPackageReference section */

/* Begin XCSwiftPackageProductDependency section */
		2DF2CED1C33D674C0B999956 /* GoogleMobileAds */ = {
			isa = XCSwiftPackageProductDependency;
			package = 270C2898B10D37FFFD4FB797 /* XCRemoteSwiftPackageReference "swift-package-manager-google-mobile-ads" */;
			productName = GoogleMobileAds;
		};
		6273B8EAD78DEE7E8C2E5F1C /* FirebaseAnalytics */ = {
			isa = XCSwiftPackageProductDependency;
			package = AFA7DC25F2237B6A4C4AE69C /* XCRemoteSwiftPackageReference "firebase-ios-sdk" */;
			productName = FirebaseAnalytics;
		};
		F98A5A1CA64AFF5560A2EAB3 /* GoogleUserMessagingPlatform */ = {
			isa = XCSwiftPackageProductDependency;
			package = B4637A6971BA7F188946805E /* XCRemoteSwiftPackageReference "swift-package-manager-google-user-messaging-platform" */;
			productName = GoogleUserMessagingPlatform;
		};
/* End XCSwiftPackageProductDependency section */
	};
	rootObject = AE8E4DA0D29E3CB5F56C2B0A /* Project object */;
}
